// !$*UTF8*$!
{
	archiveVersion = 1;
	classes = {
	};
	objectVersion = 52;
	objects = {

/* Begin PBXBuildFile section */
		0B08D1B4241007D300E35794 /* Coordinator.swift in Sources */ = {isa = PBXBuildFile; fileRef = 0B08D1B3241007D300E35794 /* Coordinator.swift */; };
		0B08D1B6241007FC00E35794 /* Router.swift in Sources */ = {isa = PBXBuildFile; fileRef = 0B08D1B5241007FC00E35794 /* Router.swift */; };
		0B08D1B824101CDB00E35794 /* NavigationRouter.swift in Sources */ = {isa = PBXBuildFile; fileRef = 0B08D1B724101CDB00E35794 /* NavigationRouter.swift */; };
		0B08D1BB241029AA00E35794 /* FireButton.swift in Sources */ = {isa = PBXBuildFile; fileRef = 0B08D1BA241029AA00E35794 /* FireButton.swift */; };
		0B0C7914242E76D80099C73B /* FirebaseAuth.swift in Sources */ = {isa = PBXBuildFile; fileRef = 0B0C7913242E76D80099C73B /* FirebaseAuth.swift */; };
		0B19F9D6243248D300A0FCB2 /* ChannelCell.swift in Sources */ = {isa = PBXBuildFile; fileRef = 0B19F9D5243248D300A0FCB2 /* ChannelCell.swift */; };
		0B19F9D82432537A00A0FCB2 /* TableView+Ext.swift in Sources */ = {isa = PBXBuildFile; fileRef = 0B19F9D72432537A00A0FCB2 /* TableView+Ext.swift */; };
		0B2905AA2438F6FC00CBA24A /* Message.swift in Sources */ = {isa = PBXBuildFile; fileRef = 0B2905A92438F6FC00CBA24A /* Message.swift */; };
		0B3D84BA242FB07D00ACF706 /* ErrorsManager.swift in Sources */ = {isa = PBXBuildFile; fileRef = 0B3D84B9242FB07D00ACF706 /* ErrorsManager.swift */; };
		0B3D84BC242FBE8900ACF706 /* User.swift in Sources */ = {isa = PBXBuildFile; fileRef = 0B3D84BB242FBE8900ACF706 /* User.swift */; };
		0B3D98B22436566E00A417D7 /* KeyWindow.swift in Sources */ = {isa = PBXBuildFile; fileRef = 0B3D98B12436566E00A417D7 /* KeyWindow.swift */; };
		0B4516CE2454A61700D9106E /* RemoteNotificationsConfigurator in Frameworks */ = {isa = PBXBuildFile; productRef = 0B4516CD2454A61700D9106E /* RemoteNotificationsConfigurator */; };
		0B48FB82243B42D4005F16F5 /* AudioController.swift in Sources */ = {isa = PBXBuildFile; fileRef = 0B48FB81243B42D4005F16F5 /* AudioController.swift */; };
		0B575D49243B9313000E3C5B /* GoogleService-Info-2.plist in Resources */ = {isa = PBXBuildFile; fileRef = 0B575D48243B9312000E3C5B /* GoogleService-Info-2.plist */; };
		0B575D4C243C91ED000E3C5B /* CloudStorage.swift in Sources */ = {isa = PBXBuildFile; fileRef = 0B575D4B243C91ED000E3C5B /* CloudStorage.swift */; };
		0B66C85B2435DF5200C04B58 /* DeviceTypes in Frameworks */ = {isa = PBXBuildFile; productRef = 0B66C85A2435DF5200C04B58 /* DeviceTypes */; };
		0B79324E242CCA9C0028CEAE /* AlertController.swift in Sources */ = {isa = PBXBuildFile; fileRef = 0B79324D242CCA9C0028CEAE /* AlertController.swift */; };
		0B793250242CCAB90028CEAE /* EmptyState.swift in Sources */ = {isa = PBXBuildFile; fileRef = 0B79324F242CCAB90028CEAE /* EmptyState.swift */; };
		0B793252242CCB510028CEAE /* AlertView.swift in Sources */ = {isa = PBXBuildFile; fileRef = 0B793251242CCB510028CEAE /* AlertView.swift */; };
		0B793254242CEA560028CEAE /* UIViewController+Ext.swift in Sources */ = {isa = PBXBuildFile; fileRef = 0B793253242CEA560028CEAE /* UIViewController+Ext.swift */; };
		0B793258242D27390028CEAE /* Images.swift in Sources */ = {isa = PBXBuildFile; fileRef = 0B793257242D27390028CEAE /* Images.swift */; };
		0B90D0162410F5B600BF997F /* UIView+Ext.swift in Sources */ = {isa = PBXBuildFile; fileRef = 0B90D0152410F5B600BF997F /* UIView+Ext.swift */; };
		0B90D0192411050400BF997F /* FireTextField.swift in Sources */ = {isa = PBXBuildFile; fileRef = 0B90D0182411050400BF997F /* FireTextField.swift */; };
		0B94E64424348DD0007868EB /* CloudFirestore.swift in Sources */ = {isa = PBXBuildFile; fileRef = 0B94E64324348DD0007868EB /* CloudFirestore.swift */; };
		0B94E6462434A512007868EB /* ChatRoom.swift in Sources */ = {isa = PBXBuildFile; fileRef = 0B94E6452434A512007868EB /* ChatRoom.swift */; };
		0B94E6482434A871007868EB /* FirebaseEnums.swift in Sources */ = {isa = PBXBuildFile; fileRef = 0B94E6472434A871007868EB /* FirebaseEnums.swift */; };
		0BB003282449BAB600D0D65E /* BaseConfiguration.swift in Sources */ = {isa = PBXBuildFile; fileRef = 0BB003272449BAB600D0D65E /* BaseConfiguration.swift */; };
		0BD7B923240FDF7600310F1E /* AppDelegate.swift in Sources */ = {isa = PBXBuildFile; fileRef = 0BD7B922240FDF7600310F1E /* AppDelegate.swift */; };
		0BD7B925240FDF7600310F1E /* SceneDelegate.swift in Sources */ = {isa = PBXBuildFile; fileRef = 0BD7B924240FDF7600310F1E /* SceneDelegate.swift */; };
		0BD7B927240FDF7600310F1E /* ChannelsViewController.swift in Sources */ = {isa = PBXBuildFile; fileRef = 0BD7B926240FDF7600310F1E /* ChannelsViewController.swift */; };
		0BD7B92C240FDF7C00310F1E /* Assets.xcassets in Resources */ = {isa = PBXBuildFile; fileRef = 0BD7B92B240FDF7C00310F1E /* Assets.xcassets */; };
		0BD7B92F240FDF7C00310F1E /* LaunchScreen.storyboard in Resources */ = {isa = PBXBuildFile; fileRef = 0BD7B92D240FDF7C00310F1E /* LaunchScreen.storyboard */; };
		0BD7B93A240FDF7D00310F1E /* FireChatTests.swift in Sources */ = {isa = PBXBuildFile; fileRef = 0BD7B939240FDF7D00310F1E /* FireChatTests.swift */; };
		0BD7B954240FF64B00310F1E /* ChatViewController.swift in Sources */ = {isa = PBXBuildFile; fileRef = 0BD7B953240FF64B00310F1E /* ChatViewController.swift */; };
		0BD7B956240FF66700310F1E /* ProfileViewController.swift in Sources */ = {isa = PBXBuildFile; fileRef = 0BD7B955240FF66700310F1E /* ProfileViewController.swift */; };
		0BD7B959240FF69500310F1E /* LoginViewController.swift in Sources */ = {isa = PBXBuildFile; fileRef = 0BD7B958240FF69400310F1E /* LoginViewController.swift */; };
		0BD7B95B240FF6CE00310F1E /* SignUpViewController.swift in Sources */ = {isa = PBXBuildFile; fileRef = 0BD7B95A240FF6CE00310F1E /* SignUpViewController.swift */; };
		0BD7B95D240FF79200310F1E /* WelcomeViewController.swift in Sources */ = {isa = PBXBuildFile; fileRef = 0BD7B95C240FF79200310F1E /* WelcomeViewController.swift */; };
		0BD7B95F240FF7B300310F1E /* PasswordResetViewController.swift in Sources */ = {isa = PBXBuildFile; fileRef = 0BD7B95E240FF7B300310F1E /* PasswordResetViewController.swift */; };
		0BD7B968240FFF3900310F1E /* MainAppCoordinator.swift in Sources */ = {isa = PBXBuildFile; fileRef = 0BD7B967240FFF3900310F1E /* MainAppCoordinator.swift */; };
		0BD7B96A240FFF5000310F1E /* AuthenticationCoordinator.swift in Sources */ = {isa = PBXBuildFile; fileRef = 0BD7B969240FFF5000310F1E /* AuthenticationCoordinator.swift */; };
		0BD7B96E2410000200310F1E /* FireLabel.swift in Sources */ = {isa = PBXBuildFile; fileRef = 0BD7B96D2410000200310F1E /* FireLabel.swift */; };
		0BD93C6824179CF20007F8D0 /* ApplicationCoordinator.swift in Sources */ = {isa = PBXBuildFile; fileRef = 0BD93C6724179CF20007F8D0 /* ApplicationCoordinator.swift */; };
		0BECFB692430944E00B18195 /* GoogleService-Info.plist in Resources */ = {isa = PBXBuildFile; fileRef = 0BECFB682430944E00B18195 /* GoogleService-Info.plist */; };
		0BFADED7244F4AE500D9702A /* CacheManager.swift in Sources */ = {isa = PBXBuildFile; fileRef = 0BFADED6244F4AE500D9702A /* CacheManager.swift */; };
		0BFAE4AC24447DE8007CEF80 /* ChatRoomCell.swift in Sources */ = {isa = PBXBuildFile; fileRef = 0BFAE4AB24447DE8007CEF80 /* ChatRoomCell.swift */; };
		0BFD6C22244E05E700895BAA /* ImagePicker.swift in Sources */ = {isa = PBXBuildFile; fileRef = 0BFD6C21244E05E700895BAA /* ImagePicker.swift */; };
		9C2202676BC63ECE8FAE47A1 /* libPods-FireChatTests.a in Frameworks */ = {isa = PBXBuildFile; fileRef = 94E0A96E638889ED26E23A28 /* libPods-FireChatTests.a */; };
		AEC1FFD9FEC705FB9936BA07 /* libPods-FireChat.a in Frameworks */ = {isa = PBXBuildFile; fileRef = 108EB9734813BFCF4D86559D /* libPods-FireChat.a */; };
/* End PBXBuildFile section */

/* Begin PBXContainerItemProxy section */
		0BD7B936240FDF7D00310F1E /* PBXContainerItemProxy */ = {
			isa = PBXContainerItemProxy;
			containerPortal = 0BD7B917240FDF7600310F1E /* Project object */;
			proxyType = 1;
			remoteGlobalIDString = 0BD7B91E240FDF7600310F1E;
			remoteInfo = FireChat;
		};
/* End PBXContainerItemProxy section */

/* Begin PBXFileReference section */
		0B08D1B3241007D300E35794 /* Coordinator.swift */ = {isa = PBXFileReference; lastKnownFileType = sourcecode.swift; path = Coordinator.swift; sourceTree = "<group>"; };
		0B08D1B5241007FC00E35794 /* Router.swift */ = {isa = PBXFileReference; lastKnownFileType = sourcecode.swift; path = Router.swift; sourceTree = "<group>"; };
		0B08D1B724101CDB00E35794 /* NavigationRouter.swift */ = {isa = PBXFileReference; lastKnownFileType = sourcecode.swift; path = NavigationRouter.swift; sourceTree = "<group>"; };
		0B08D1BA241029AA00E35794 /* FireButton.swift */ = {isa = PBXFileReference; lastKnownFileType = sourcecode.swift; path = FireButton.swift; sourceTree = "<group>"; };
		0B0C7913242E76D80099C73B /* FirebaseAuth.swift */ = {isa = PBXFileReference; lastKnownFileType = sourcecode.swift; path = FirebaseAuth.swift; sourceTree = "<group>"; };
		0B19F9D5243248D300A0FCB2 /* ChannelCell.swift */ = {isa = PBXFileReference; lastKnownFileType = sourcecode.swift; path = ChannelCell.swift; sourceTree = "<group>"; };
		0B19F9D72432537A00A0FCB2 /* TableView+Ext.swift */ = {isa = PBXFileReference; lastKnownFileType = sourcecode.swift; path = "TableView+Ext.swift"; sourceTree = "<group>"; };
		0B2905A92438F6FC00CBA24A /* Message.swift */ = {isa = PBXFileReference; lastKnownFileType = sourcecode.swift; path = Message.swift; sourceTree = "<group>"; };
		0B3D84B9242FB07D00ACF706 /* ErrorsManager.swift */ = {isa = PBXFileReference; lastKnownFileType = sourcecode.swift; path = ErrorsManager.swift; sourceTree = "<group>"; };
		0B3D84BB242FBE8900ACF706 /* User.swift */ = {isa = PBXFileReference; lastKnownFileType = sourcecode.swift; path = User.swift; sourceTree = "<group>"; };
		0B3D98B12436566E00A417D7 /* KeyWindow.swift */ = {isa = PBXFileReference; lastKnownFileType = sourcecode.swift; path = KeyWindow.swift; sourceTree = "<group>"; };
		0B48FB81243B42D4005F16F5 /* AudioController.swift */ = {isa = PBXFileReference; lastKnownFileType = sourcecode.swift; path = AudioController.swift; sourceTree = "<group>"; };
		0B575D48243B9312000E3C5B /* GoogleService-Info-2.plist */ = {isa = PBXFileReference; fileEncoding = 4; lastKnownFileType = text.plist.xml; path = "GoogleService-Info-2.plist"; sourceTree = "<group>"; };
		0B575D4A243B9346000E3C5B /* FireChatRelease.entitlements */ = {isa = PBXFileReference; lastKnownFileType = text.plist.entitlements; path = FireChatRelease.entitlements; sourceTree = "<group>"; };
		0B575D4B243C91ED000E3C5B /* CloudStorage.swift */ = {isa = PBXFileReference; lastKnownFileType = sourcecode.swift; path = CloudStorage.swift; sourceTree = "<group>"; };
		0B79324D242CCA9C0028CEAE /* AlertController.swift */ = {isa = PBXFileReference; lastKnownFileType = sourcecode.swift; path = AlertController.swift; sourceTree = "<group>"; };
		0B79324F242CCAB90028CEAE /* EmptyState.swift */ = {isa = PBXFileReference; lastKnownFileType = sourcecode.swift; path = EmptyState.swift; sourceTree = "<group>"; };
		0B793251242CCB510028CEAE /* AlertView.swift */ = {isa = PBXFileReference; lastKnownFileType = sourcecode.swift; path = AlertView.swift; sourceTree = "<group>"; };
		0B793253242CEA560028CEAE /* UIViewController+Ext.swift */ = {isa = PBXFileReference; lastKnownFileType = sourcecode.swift; path = "UIViewController+Ext.swift"; sourceTree = "<group>"; };
		0B793257242D27390028CEAE /* Images.swift */ = {isa = PBXFileReference; lastKnownFileType = sourcecode.swift; path = Images.swift; sourceTree = "<group>"; };
		0B90D0152410F5B600BF997F /* UIView+Ext.swift */ = {isa = PBXFileReference; lastKnownFileType = sourcecode.swift; path = "UIView+Ext.swift"; sourceTree = "<group>"; };
		0B90D0182411050400BF997F /* FireTextField.swift */ = {isa = PBXFileReference; lastKnownFileType = sourcecode.swift; path = FireTextField.swift; sourceTree = "<group>"; };
		0B94E64324348DD0007868EB /* CloudFirestore.swift */ = {isa = PBXFileReference; lastKnownFileType = sourcecode.swift; path = CloudFirestore.swift; sourceTree = "<group>"; };
		0B94E6452434A512007868EB /* ChatRoom.swift */ = {isa = PBXFileReference; lastKnownFileType = sourcecode.swift; path = ChatRoom.swift; sourceTree = "<group>"; };
		0B94E6472434A871007868EB /* FirebaseEnums.swift */ = {isa = PBXFileReference; lastKnownFileType = sourcecode.swift; path = FirebaseEnums.swift; sourceTree = "<group>"; };
		0BB003272449BAB600D0D65E /* BaseConfiguration.swift */ = {isa = PBXFileReference; lastKnownFileType = sourcecode.swift; path = BaseConfiguration.swift; sourceTree = "<group>"; };
		0BD7B91F240FDF7600310F1E /* FireChat.app */ = {isa = PBXFileReference; explicitFileType = wrapper.application; includeInIndex = 0; path = FireChat.app; sourceTree = BUILT_PRODUCTS_DIR; };
		0BD7B922240FDF7600310F1E /* AppDelegate.swift */ = {isa = PBXFileReference; lastKnownFileType = sourcecode.swift; path = AppDelegate.swift; sourceTree = "<group>"; };
		0BD7B924240FDF7600310F1E /* SceneDelegate.swift */ = {isa = PBXFileReference; lastKnownFileType = sourcecode.swift; path = SceneDelegate.swift; sourceTree = "<group>"; };
		0BD7B926240FDF7600310F1E /* ChannelsViewController.swift */ = {isa = PBXFileReference; lastKnownFileType = sourcecode.swift; path = ChannelsViewController.swift; sourceTree = "<group>"; };
		0BD7B92B240FDF7C00310F1E /* Assets.xcassets */ = {isa = PBXFileReference; lastKnownFileType = folder.assetcatalog; path = Assets.xcassets; sourceTree = "<group>"; };
		0BD7B92E240FDF7C00310F1E /* Base */ = {isa = PBXFileReference; lastKnownFileType = file.storyboard; name = Base; path = Base.lproj/LaunchScreen.storyboard; sourceTree = "<group>"; };
		0BD7B930240FDF7C00310F1E /* Info.plist */ = {isa = PBXFileReference; lastKnownFileType = text.plist.xml; path = Info.plist; sourceTree = "<group>"; };
		0BD7B935240FDF7D00310F1E /* FireChatTests.xctest */ = {isa = PBXFileReference; explicitFileType = wrapper.cfbundle; includeInIndex = 0; path = FireChatTests.xctest; sourceTree = BUILT_PRODUCTS_DIR; };
		0BD7B939240FDF7D00310F1E /* FireChatTests.swift */ = {isa = PBXFileReference; lastKnownFileType = sourcecode.swift; path = FireChatTests.swift; sourceTree = "<group>"; };
		0BD7B93B240FDF7D00310F1E /* Info.plist */ = {isa = PBXFileReference; lastKnownFileType = text.plist.xml; path = Info.plist; sourceTree = "<group>"; };
		0BD7B944240FDFA700310F1E /* FireChat.entitlements */ = {isa = PBXFileReference; lastKnownFileType = text.plist.entitlements; path = FireChat.entitlements; sourceTree = "<group>"; };
		0BD7B953240FF64B00310F1E /* ChatViewController.swift */ = {isa = PBXFileReference; lastKnownFileType = sourcecode.swift; path = ChatViewController.swift; sourceTree = "<group>"; };
		0BD7B955240FF66700310F1E /* ProfileViewController.swift */ = {isa = PBXFileReference; lastKnownFileType = sourcecode.swift; path = ProfileViewController.swift; sourceTree = "<group>"; };
		0BD7B958240FF69400310F1E /* LoginViewController.swift */ = {isa = PBXFileReference; lastKnownFileType = sourcecode.swift; path = LoginViewController.swift; sourceTree = "<group>"; };
		0BD7B95A240FF6CE00310F1E /* SignUpViewController.swift */ = {isa = PBXFileReference; lastKnownFileType = sourcecode.swift; path = SignUpViewController.swift; sourceTree = "<group>"; };
		0BD7B95C240FF79200310F1E /* WelcomeViewController.swift */ = {isa = PBXFileReference; lastKnownFileType = sourcecode.swift; path = WelcomeViewController.swift; sourceTree = "<group>"; };
		0BD7B95E240FF7B300310F1E /* PasswordResetViewController.swift */ = {isa = PBXFileReference; lastKnownFileType = sourcecode.swift; path = PasswordResetViewController.swift; sourceTree = "<group>"; };
		0BD7B967240FFF3900310F1E /* MainAppCoordinator.swift */ = {isa = PBXFileReference; lastKnownFileType = sourcecode.swift; path = MainAppCoordinator.swift; sourceTree = "<group>"; };
		0BD7B969240FFF5000310F1E /* AuthenticationCoordinator.swift */ = {isa = PBXFileReference; lastKnownFileType = sourcecode.swift; path = AuthenticationCoordinator.swift; sourceTree = "<group>"; };
		0BD7B96D2410000200310F1E /* FireLabel.swift */ = {isa = PBXFileReference; lastKnownFileType = sourcecode.swift; path = FireLabel.swift; sourceTree = "<group>"; };
		0BD93C6724179CF20007F8D0 /* ApplicationCoordinator.swift */ = {isa = PBXFileReference; lastKnownFileType = sourcecode.swift; path = ApplicationCoordinator.swift; sourceTree = "<group>"; };
		0BECFB682430944E00B18195 /* GoogleService-Info.plist */ = {isa = PBXFileReference; fileEncoding = 4; lastKnownFileType = text.plist.xml; path = "GoogleService-Info.plist"; sourceTree = "<group>"; };
		0BFADED6244F4AE500D9702A /* CacheManager.swift */ = {isa = PBXFileReference; lastKnownFileType = sourcecode.swift; path = CacheManager.swift; sourceTree = "<group>"; };
		0BFAE4AB24447DE8007CEF80 /* ChatRoomCell.swift */ = {isa = PBXFileReference; lastKnownFileType = sourcecode.swift; path = ChatRoomCell.swift; sourceTree = "<group>"; };
		0BFD6C21244E05E700895BAA /* ImagePicker.swift */ = {isa = PBXFileReference; lastKnownFileType = sourcecode.swift; path = ImagePicker.swift; sourceTree = "<group>"; };
		108EB9734813BFCF4D86559D /* libPods-FireChat.a */ = {isa = PBXFileReference; explicitFileType = archive.ar; includeInIndex = 0; path = "libPods-FireChat.a"; sourceTree = BUILT_PRODUCTS_DIR; };
		1C5959A6EA222E93FC1D6744 /* Pods-FireChat.debug.xcconfig */ = {isa = PBXFileReference; includeInIndex = 1; lastKnownFileType = text.xcconfig; name = "Pods-FireChat.debug.xcconfig"; path = "Target Support Files/Pods-FireChat/Pods-FireChat.debug.xcconfig"; sourceTree = "<group>"; };
		94E0A96E638889ED26E23A28 /* libPods-FireChatTests.a */ = {isa = PBXFileReference; explicitFileType = archive.ar; includeInIndex = 0; path = "libPods-FireChatTests.a"; sourceTree = BUILT_PRODUCTS_DIR; };
		B7599E5659AEACD9773C06D5 /* Pods-FireChatTests.debug.xcconfig */ = {isa = PBXFileReference; includeInIndex = 1; lastKnownFileType = text.xcconfig; name = "Pods-FireChatTests.debug.xcconfig"; path = "Target Support Files/Pods-FireChatTests/Pods-FireChatTests.debug.xcconfig"; sourceTree = "<group>"; };
		BC575BC9273009DBF8ACA8EF /* Pods-FireChat.release.xcconfig */ = {isa = PBXFileReference; includeInIndex = 1; lastKnownFileType = text.xcconfig; name = "Pods-FireChat.release.xcconfig"; path = "Target Support Files/Pods-FireChat/Pods-FireChat.release.xcconfig"; sourceTree = "<group>"; };
		D96DAED1EBF1AAC31475827F /* Pods-FireChatTests.release.xcconfig */ = {isa = PBXFileReference; includeInIndex = 1; lastKnownFileType = text.xcconfig; name = "Pods-FireChatTests.release.xcconfig"; path = "Target Support Files/Pods-FireChatTests/Pods-FireChatTests.release.xcconfig"; sourceTree = "<group>"; };
/* End PBXFileReference section */

/* Begin PBXFrameworksBuildPhase section */
		0BD7B91C240FDF7600310F1E /* Frameworks */ = {
			isa = PBXFrameworksBuildPhase;
			buildActionMask = 2147483647;
			files = (
				0B66C85B2435DF5200C04B58 /* DeviceTypes in Frameworks */,
				0B4516CE2454A61700D9106E /* RemoteNotificationsConfigurator in Frameworks */,
				AEC1FFD9FEC705FB9936BA07 /* libPods-FireChat.a in Frameworks */,
			);
			runOnlyForDeploymentPostprocessing = 0;
		};
		0BD7B932240FDF7D00310F1E /* Frameworks */ = {
			isa = PBXFrameworksBuildPhase;
			buildActionMask = 2147483647;
			files = (
				9C2202676BC63ECE8FAE47A1 /* libPods-FireChatTests.a in Frameworks */,
			);
			runOnlyForDeploymentPostprocessing = 0;
		};
/* End PBXFrameworksBuildPhase section */

/* Begin PBXGroup section */
		09C5E8B7D30D8E7508603BC6 /* Pods */ = {
			isa = PBXGroup;
			children = (
				1C5959A6EA222E93FC1D6744 /* Pods-FireChat.debug.xcconfig */,
				BC575BC9273009DBF8ACA8EF /* Pods-FireChat.release.xcconfig */,
				B7599E5659AEACD9773C06D5 /* Pods-FireChatTests.debug.xcconfig */,
				D96DAED1EBF1AAC31475827F /* Pods-FireChatTests.release.xcconfig */,
			);
			path = Pods;
			sourceTree = "<group>";
		};
		0B08D1B92410292F00E35794 /* Buttons */ = {
			isa = PBXGroup;
			children = (
				0B08D1BA241029AA00E35794 /* FireButton.swift */,
			);
			path = Buttons;
			sourceTree = "<group>";
		};
		0B0C7912242E76BE0099C73B /* Firebase */ = {
			isa = PBXGroup;
			children = (
				0B0C7913242E76D80099C73B /* FirebaseAuth.swift */,
				0B94E64324348DD0007868EB /* CloudFirestore.swift */,
				0B575D4B243C91ED000E3C5B /* CloudStorage.swift */,
			);
			path = Firebase;
			sourceTree = "<group>";
		};
		0B19F9D42432489C00A0FCB2 /* Cells */ = {
			isa = PBXGroup;
			children = (
				0B19F9D5243248D300A0FCB2 /* ChannelCell.swift */,
				0BFAE4AB24447DE8007CEF80 /* ChatRoomCell.swift */,
			);
			path = Cells;
			sourceTree = "<group>";
		};
		0B3D84B8242FB00800ACF706 /* Managers */ = {
			isa = PBXGroup;
			children = (
				0B3D84B9242FB07D00ACF706 /* ErrorsManager.swift */,
				0BFADED6244F4AE500D9702A /* CacheManager.swift */,
			);
			path = Managers;
			sourceTree = "<group>";
		};
		0B48FB80243B413B005F16F5 /* MessageConfigurator */ = {
			isa = PBXGroup;
			children = (
				0B48FB81243B42D4005F16F5 /* AudioController.swift */,
				0BB003272449BAB600D0D65E /* BaseConfiguration.swift */,
			);
			path = MessageConfigurator;
			sourceTree = "<group>";
		};
		0B79324C242CC9820028CEAE /* Views */ = {
			isa = PBXGroup;
			children = (
				0B79324D242CCA9C0028CEAE /* AlertController.swift */,
				0B793251242CCB510028CEAE /* AlertView.swift */,
				0B79324F242CCAB90028CEAE /* EmptyState.swift */,
			);
			path = Views;
			sourceTree = "<group>";
		};
		0B793256242D270A0028CEAE /* Enums */ = {
			isa = PBXGroup;
			children = (
				0B793257242D27390028CEAE /* Images.swift */,
				0B94E6472434A871007868EB /* FirebaseEnums.swift */,
				0B3D98B12436566E00A417D7 /* KeyWindow.swift */,
			);
			path = Enums;
			sourceTree = "<group>";
		};
		0B90D0142410F59400BF997F /* Extensions */ = {
			isa = PBXGroup;
			children = (
				0B90D0152410F5B600BF997F /* UIView+Ext.swift */,
				0B793253242CEA560028CEAE /* UIViewController+Ext.swift */,
				0B19F9D72432537A00A0FCB2 /* TableView+Ext.swift */,
			);
			path = Extensions;
			sourceTree = "<group>";
		};
		0B90D017241104E000BF997F /* TextField */ = {
			isa = PBXGroup;
			children = (
				0B90D0182411050400BF997F /* FireTextField.swift */,
			);
			path = TextField;
			sourceTree = "<group>";
		};
		0BD7B916240FDF7600310F1E = {
			isa = PBXGroup;
			children = (
				0BD7B921240FDF7600310F1E /* FireChat */,
				0BD7B938240FDF7D00310F1E /* FireChatTests */,
				0BD7B920240FDF7600310F1E /* Products */,
				09C5E8B7D30D8E7508603BC6 /* Pods */,
				E5A19BFC1A22ADE84B506261 /* Frameworks */,
			);
			sourceTree = "<group>";
		};
		0BD7B920240FDF7600310F1E /* Products */ = {
			isa = PBXGroup;
			children = (
				0BD7B91F240FDF7600310F1E /* FireChat.app */,
				0BD7B935240FDF7D00310F1E /* FireChatTests.xctest */,
			);
			name = Products;
			sourceTree = "<group>";
		};
		0BD7B921240FDF7600310F1E /* FireChat */ = {
			isa = PBXGroup;
			children = (
				0B575D4A243B9346000E3C5B /* FireChatRelease.entitlements */,
				0BD7B945240FE00E00310F1E /* AppDelegate */,
				0BD7B963240FF85900310F1E /* ConcreteCoordinators */,
				0BD7B965240FF8A600310F1E /* ConcreteRouters */,
				0BD7B96B240FFF8900310F1E /* CustomViews */,
				0B793256242D270A0028CEAE /* Enums */,
				0B90D0142410F59400BF997F /* Extensions */,
				0B0C7912242E76BE0099C73B /* Firebase */,
				0BD7B94A240FE18B00310F1E /* LaunchScreen */,
				0B3D84B8242FB00800ACF706 /* Managers */,
				0B48FB80243B413B005F16F5 /* MessageConfigurator */,
				0BD7B964240FF86A00310F1E /* Models */,
				0BD7B966240FF8F600310F1E /* Protocols */,
				0BD7B949240FE12700310F1E /* Resources */,
				0BD7B962240FF83000310F1E /* Screens */,
			);
			path = FireChat;
			sourceTree = "<group>";
		};
		0BD7B938240FDF7D00310F1E /* FireChatTests */ = {
			isa = PBXGroup;
			children = (
				0BD7B939240FDF7D00310F1E /* FireChatTests.swift */,
				0BD7B93B240FDF7D00310F1E /* Info.plist */,
			);
			path = FireChatTests;
			sourceTree = "<group>";
		};
		0BD7B945240FE00E00310F1E /* AppDelegate */ = {
			isa = PBXGroup;
			children = (
				0BECFB682430944E00B18195 /* GoogleService-Info.plist */,
				0B575D48243B9312000E3C5B /* GoogleService-Info-2.plist */,
				0BD7B922240FDF7600310F1E /* AppDelegate.swift */,
				0BD7B944240FDFA700310F1E /* FireChat.entitlements */,
				0BD7B924240FDF7600310F1E /* SceneDelegate.swift */,
			);
			name = AppDelegate;
			sourceTree = "<group>";
		};
		0BD7B949240FE12700310F1E /* Resources */ = {
			isa = PBXGroup;
			children = (
				0BD7B930240FDF7C00310F1E /* Info.plist */,
				0BD7B92B240FDF7C00310F1E /* Assets.xcassets */,
			);
			path = Resources;
			sourceTree = "<group>";
		};
		0BD7B94A240FE18B00310F1E /* LaunchScreen */ = {
			isa = PBXGroup;
			children = (
				0BD7B92D240FDF7C00310F1E /* LaunchScreen.storyboard */,
			);
			name = LaunchScreen;
			sourceTree = "<group>";
		};
		0BD7B960240FF7C300310F1E /* Authentication */ = {
			isa = PBXGroup;
			children = (
				0BD7B95C240FF79200310F1E /* WelcomeViewController.swift */,
				0BD7B958240FF69400310F1E /* LoginViewController.swift */,
				0BD7B95A240FF6CE00310F1E /* SignUpViewController.swift */,
				0BD7B95E240FF7B300310F1E /* PasswordResetViewController.swift */,
			);
			path = Authentication;
			sourceTree = "<group>";
		};
		0BD7B961240FF7EF00310F1E /* Main */ = {
			isa = PBXGroup;
			children = (
				0BD7B926240FDF7600310F1E /* ChannelsViewController.swift */,
				0BD7B953240FF64B00310F1E /* ChatViewController.swift */,
				0BD7B955240FF66700310F1E /* ProfileViewController.swift */,
			);
			path = Main;
			sourceTree = "<group>";
		};
		0BD7B962240FF83000310F1E /* Screens */ = {
			isa = PBXGroup;
			children = (
				0BD7B960240FF7C300310F1E /* Authentication */,
				0BD7B961240FF7EF00310F1E /* Main */,
			);
			path = Screens;
			sourceTree = "<group>";
		};
		0BD7B963240FF85900310F1E /* ConcreteCoordinators */ = {
			isa = PBXGroup;
			children = (
				0BD93C6724179CF20007F8D0 /* ApplicationCoordinator.swift */,
				0BD7B969240FFF5000310F1E /* AuthenticationCoordinator.swift */,
				0BD7B967240FFF3900310F1E /* MainAppCoordinator.swift */,
			);
			path = ConcreteCoordinators;
			sourceTree = "<group>";
		};
		0BD7B964240FF86A00310F1E /* Models */ = {
			isa = PBXGroup;
			children = (
				0B3D84BB242FBE8900ACF706 /* User.swift */,
				0B94E6452434A512007868EB /* ChatRoom.swift */,
				0B2905A92438F6FC00CBA24A /* Message.swift */,
			);
			path = Models;
			sourceTree = "<group>";
		};
		0BD7B965240FF8A600310F1E /* ConcreteRouters */ = {
			isa = PBXGroup;
			children = (
				0B08D1B724101CDB00E35794 /* NavigationRouter.swift */,
			);
			path = ConcreteRouters;
			sourceTree = "<group>";
		};
		0BD7B966240FF8F600310F1E /* Protocols */ = {
			isa = PBXGroup;
			children = (
				0B08D1B3241007D300E35794 /* Coordinator.swift */,
				0B08D1B5241007FC00E35794 /* Router.swift */,
			);
			path = Protocols;
			sourceTree = "<group>";
		};
		0BD7B96B240FFF8900310F1E /* CustomViews */ = {
			isa = PBXGroup;
			children = (
				0BFD6C20244E05D000895BAA /* ImagePicker */,
				0B19F9D42432489C00A0FCB2 /* Cells */,
				0B79324C242CC9820028CEAE /* Views */,
				0B90D017241104E000BF997F /* TextField */,
				0B08D1B92410292F00E35794 /* Buttons */,
				0BD7B96C240FFFCB00310F1E /* Labels */,
			);
			path = CustomViews;
			sourceTree = "<group>";
		};
		0BD7B96C240FFFCB00310F1E /* Labels */ = {
			isa = PBXGroup;
			children = (
				0BD7B96D2410000200310F1E /* FireLabel.swift */,
			);
			path = Labels;
			sourceTree = "<group>";
		};
		0BFD6C20244E05D000895BAA /* ImagePicker */ = {
			isa = PBXGroup;
			children = (
				0BFD6C21244E05E700895BAA /* ImagePicker.swift */,
			);
			path = ImagePicker;
			sourceTree = "<group>";
		};
		E5A19BFC1A22ADE84B506261 /* Frameworks */ = {
			isa = PBXGroup;
			children = (
				108EB9734813BFCF4D86559D /* libPods-FireChat.a */,
				94E0A96E638889ED26E23A28 /* libPods-FireChatTests.a */,
			);
			name = Frameworks;
			sourceTree = "<group>";
		};
/* End PBXGroup section */

/* Begin PBXNativeTarget section */
		0BD7B91E240FDF7600310F1E /* FireChat */ = {
			isa = PBXNativeTarget;
			buildConfigurationList = 0BD7B93E240FDF7D00310F1E /* Build configuration list for PBXNativeTarget "FireChat" */;
			buildPhases = (
				AC0018B39BC54889BDE79442 /* [CP] Check Pods Manifest.lock */,
				0BD7B91B240FDF7600310F1E /* Sources */,
				0BD7B91C240FDF7600310F1E /* Frameworks */,
				0BD7B91D240FDF7600310F1E /* Resources */,
				DDF32288C5682C713706C4BB /* [CP] Copy Pods Resources */,
				1BB587D94AFB9E276C5DC315 /* [CP] Embed Pods Frameworks */,
			);
			buildRules = (
			);
			dependencies = (
			);
			name = FireChat;
			packageProductDependencies = (
				0B66C85A2435DF5200C04B58 /* DeviceTypes */,
				0B4516CD2454A61700D9106E /* RemoteNotificationsConfigurator */,
			);
			productName = FireChat;
			productReference = 0BD7B91F240FDF7600310F1E /* FireChat.app */;
			productType = "com.apple.product-type.application";
		};
		0BD7B934240FDF7D00310F1E /* FireChatTests */ = {
			isa = PBXNativeTarget;
			buildConfigurationList = 0BD7B941240FDF7D00310F1E /* Build configuration list for PBXNativeTarget "FireChatTests" */;
			buildPhases = (
				670D227F2E5BFE8F5AA767B7 /* [CP] Check Pods Manifest.lock */,
				0BD7B931240FDF7D00310F1E /* Sources */,
				0BD7B932240FDF7D00310F1E /* Frameworks */,
				0BD7B933240FDF7D00310F1E /* Resources */,
			);
			buildRules = (
			);
			dependencies = (
				0BD7B937240FDF7D00310F1E /* PBXTargetDependency */,
			);
			name = FireChatTests;
			productName = FireChatTests;
			productReference = 0BD7B935240FDF7D00310F1E /* FireChatTests.xctest */;
			productType = "com.apple.product-type.bundle.unit-test";
		};
/* End PBXNativeTarget section */

/* Begin PBXProject section */
		0BD7B917240FDF7600310F1E /* Project object */ = {
			isa = PBXProject;
			attributes = {
				LastSwiftUpdateCheck = 1130;
				LastUpgradeCheck = 1130;
				ORGANIZATIONNAME = "Petre Vane";
				TargetAttributes = {
					0BD7B91E240FDF7600310F1E = {
						CreatedOnToolsVersion = 11.3.1;
					};
					0BD7B934240FDF7D00310F1E = {
						CreatedOnToolsVersion = 11.3.1;
						TestTargetID = 0BD7B91E240FDF7600310F1E;
					};
				};
			};
			buildConfigurationList = 0BD7B91A240FDF7600310F1E /* Build configuration list for PBXProject "FireChat" */;
			compatibilityVersion = "Xcode 9.3";
			developmentRegion = en;
			hasScannedForEncodings = 0;
			knownRegions = (
				en,
				Base,
			);
			mainGroup = 0BD7B916240FDF7600310F1E;
			packageReferences = (
				0B66C8592435DF5200C04B58 /* XCRemoteSwiftPackageReference "DeviceTypes" */,
				0B4516CC2454A61700D9106E /* XCRemoteSwiftPackageReference "RemoteNotifications-Configurator" */,
			);
			productRefGroup = 0BD7B920240FDF7600310F1E /* Products */;
			projectDirPath = "";
			projectRoot = "";
			targets = (
				0BD7B91E240FDF7600310F1E /* FireChat */,
				0BD7B934240FDF7D00310F1E /* FireChatTests */,
			);
		};
/* End PBXProject section */

/* Begin PBXResourcesBuildPhase section */
		0BD7B91D240FDF7600310F1E /* Resources */ = {
			isa = PBXResourcesBuildPhase;
			buildActionMask = 2147483647;
			files = (
				0BD7B92F240FDF7C00310F1E /* LaunchScreen.storyboard in Resources */,
				0BD7B92C240FDF7C00310F1E /* Assets.xcassets in Resources */,
				0B575D49243B9313000E3C5B /* GoogleService-Info-2.plist in Resources */,
				0BECFB692430944E00B18195 /* GoogleService-Info.plist in Resources */,
			);
			runOnlyForDeploymentPostprocessing = 0;
		};
		0BD7B933240FDF7D00310F1E /* Resources */ = {
			isa = PBXResourcesBuildPhase;
			buildActionMask = 2147483647;
			files = (
			);
			runOnlyForDeploymentPostprocessing = 0;
		};
/* End PBXResourcesBuildPhase section */

/* Begin PBXShellScriptBuildPhase section */
		1BB587D94AFB9E276C5DC315 /* [CP] Embed Pods Frameworks */ = {
			isa = PBXShellScriptBuildPhase;
			buildActionMask = 2147483647;
			files = (
			);
			inputFileListPaths = (
				"${PODS_ROOT}/Target Support Files/Pods-FireChat/Pods-FireChat-frameworks-${CONFIGURATION}-input-files.xcfilelist",
			);
			name = "[CP] Embed Pods Frameworks";
			outputFileListPaths = (
				"${PODS_ROOT}/Target Support Files/Pods-FireChat/Pods-FireChat-frameworks-${CONFIGURATION}-output-files.xcfilelist",
			);
			runOnlyForDeploymentPostprocessing = 0;
			shellPath = /bin/sh;
			shellScript = "\"${PODS_ROOT}/Target Support Files/Pods-FireChat/Pods-FireChat-frameworks.sh\"\n";
			showEnvVarsInLog = 0;
		};
		670D227F2E5BFE8F5AA767B7 /* [CP] Check Pods Manifest.lock */ = {
			isa = PBXShellScriptBuildPhase;
			buildActionMask = 2147483647;
			files = (
			);
			inputFileListPaths = (
			);
			inputPaths = (
				"${PODS_PODFILE_DIR_PATH}/Podfile.lock",
				"${PODS_ROOT}/Manifest.lock",
			);
			name = "[CP] Check Pods Manifest.lock";
			outputFileListPaths = (
			);
			outputPaths = (
				"$(DERIVED_FILE_DIR)/Pods-FireChatTests-checkManifestLockResult.txt",
			);
			runOnlyForDeploymentPostprocessing = 0;
			shellPath = /bin/sh;
			shellScript = "diff \"${PODS_PODFILE_DIR_PATH}/Podfile.lock\" \"${PODS_ROOT}/Manifest.lock\" > /dev/null\nif [ $? != 0 ] ; then\n    # print error to STDERR\n    echo \"error: The sandbox is not in sync with the Podfile.lock. Run 'pod install' or update your CocoaPods installation.\" >&2\n    exit 1\nfi\n# This output is used by Xcode 'outputs' to avoid re-running this script phase.\necho \"SUCCESS\" > \"${SCRIPT_OUTPUT_FILE_0}\"\n";
			showEnvVarsInLog = 0;
		};
		AC0018B39BC54889BDE79442 /* [CP] Check Pods Manifest.lock */ = {
			isa = PBXShellScriptBuildPhase;
			buildActionMask = 2147483647;
			files = (
			);
			inputFileListPaths = (
			);
			inputPaths = (
				"${PODS_PODFILE_DIR_PATH}/Podfile.lock",
				"${PODS_ROOT}/Manifest.lock",
			);
			name = "[CP] Check Pods Manifest.lock";
			outputFileListPaths = (
			);
			outputPaths = (
				"$(DERIVED_FILE_DIR)/Pods-FireChat-checkManifestLockResult.txt",
			);
			runOnlyForDeploymentPostprocessing = 0;
			shellPath = /bin/sh;
			shellScript = "diff \"${PODS_PODFILE_DIR_PATH}/Podfile.lock\" \"${PODS_ROOT}/Manifest.lock\" > /dev/null\nif [ $? != 0 ] ; then\n    # print error to STDERR\n    echo \"error: The sandbox is not in sync with the Podfile.lock. Run 'pod install' or update your CocoaPods installation.\" >&2\n    exit 1\nfi\n# This output is used by Xcode 'outputs' to avoid re-running this script phase.\necho \"SUCCESS\" > \"${SCRIPT_OUTPUT_FILE_0}\"\n";
			showEnvVarsInLog = 0;
		};
		DDF32288C5682C713706C4BB /* [CP] Copy Pods Resources */ = {
			isa = PBXShellScriptBuildPhase;
			buildActionMask = 2147483647;
			files = (
			);
			inputFileListPaths = (
				"${PODS_ROOT}/Target Support Files/Pods-FireChat/Pods-FireChat-resources-${CONFIGURATION}-input-files.xcfilelist",
			);
			name = "[CP] Copy Pods Resources";
			outputFileListPaths = (
				"${PODS_ROOT}/Target Support Files/Pods-FireChat/Pods-FireChat-resources-${CONFIGURATION}-output-files.xcfilelist",
			);
			runOnlyForDeploymentPostprocessing = 0;
			shellPath = /bin/sh;
			shellScript = "\"${PODS_ROOT}/Target Support Files/Pods-FireChat/Pods-FireChat-resources.sh\"\n";
			showEnvVarsInLog = 0;
		};
/* End PBXShellScriptBuildPhase section */

/* Begin PBXSourcesBuildPhase section */
		0BD7B91B240FDF7600310F1E /* Sources */ = {
			isa = PBXSourcesBuildPhase;
			buildActionMask = 2147483647;
			files = (
				0BFD6C22244E05E700895BAA /* ImagePicker.swift in Sources */,
				0BD7B956240FF66700310F1E /* ProfileViewController.swift in Sources */,
				0B08D1B824101CDB00E35794 /* NavigationRouter.swift in Sources */,
				0BD7B95D240FF79200310F1E /* WelcomeViewController.swift in Sources */,
				0B2905AA2438F6FC00CBA24A /* Message.swift in Sources */,
				0B793252242CCB510028CEAE /* AlertView.swift in Sources */,
				0B08D1BB241029AA00E35794 /* FireButton.swift in Sources */,
				0B3D84BC242FBE8900ACF706 /* User.swift in Sources */,
				0B0C7914242E76D80099C73B /* FirebaseAuth.swift in Sources */,
				0B3D98B22436566E00A417D7 /* KeyWindow.swift in Sources */,
				0B793254242CEA560028CEAE /* UIViewController+Ext.swift in Sources */,
				0B48FB82243B42D4005F16F5 /* AudioController.swift in Sources */,
				0BD93C6824179CF20007F8D0 /* ApplicationCoordinator.swift in Sources */,
				0B08D1B4241007D300E35794 /* Coordinator.swift in Sources */,
				0BD7B95B240FF6CE00310F1E /* SignUpViewController.swift in Sources */,
				0B94E64424348DD0007868EB /* CloudFirestore.swift in Sources */,
				0B90D0162410F5B600BF997F /* UIView+Ext.swift in Sources */,
				0B575D4C243C91ED000E3C5B /* CloudStorage.swift in Sources */,
				0BD7B954240FF64B00310F1E /* ChatViewController.swift in Sources */,
				0BD7B959240FF69500310F1E /* LoginViewController.swift in Sources */,
				0B90D0192411050400BF997F /* FireTextField.swift in Sources */,
				0B3D84BA242FB07D00ACF706 /* ErrorsManager.swift in Sources */,
				0B793258242D27390028CEAE /* Images.swift in Sources */,
				0BD7B927240FDF7600310F1E /* ChannelsViewController.swift in Sources */,
				0BD7B95F240FF7B300310F1E /* PasswordResetViewController.swift in Sources */,
				0B08D1B6241007FC00E35794 /* Router.swift in Sources */,
				0BD7B96A240FFF5000310F1E /* AuthenticationCoordinator.swift in Sources */,
				0B94E6462434A512007868EB /* ChatRoom.swift in Sources */,
				0BFAE4AC24447DE8007CEF80 /* ChatRoomCell.swift in Sources */,
				0B94E6482434A871007868EB /* FirebaseEnums.swift in Sources */,
				0B793250242CCAB90028CEAE /* EmptyState.swift in Sources */,
				0BD7B923240FDF7600310F1E /* AppDelegate.swift in Sources */,
				0B19F9D82432537A00A0FCB2 /* TableView+Ext.swift in Sources */,
				0B79324E242CCA9C0028CEAE /* AlertController.swift in Sources */,
				0BD7B968240FFF3900310F1E /* MainAppCoordinator.swift in Sources */,
				0B19F9D6243248D300A0FCB2 /* ChannelCell.swift in Sources */,
				0BFADED7244F4AE500D9702A /* CacheManager.swift in Sources */,
				0BD7B925240FDF7600310F1E /* SceneDelegate.swift in Sources */,
				0BB003282449BAB600D0D65E /* BaseConfiguration.swift in Sources */,
				0BD7B96E2410000200310F1E /* FireLabel.swift in Sources */,
			);
			runOnlyForDeploymentPostprocessing = 0;
		};
		0BD7B931240FDF7D00310F1E /* Sources */ = {
			isa = PBXSourcesBuildPhase;
			buildActionMask = 2147483647;
			files = (
				0BD7B93A240FDF7D00310F1E /* FireChatTests.swift in Sources */,
			);
			runOnlyForDeploymentPostprocessing = 0;
		};
/* End PBXSourcesBuildPhase section */

/* Begin PBXTargetDependency section */
		0BD7B937240FDF7D00310F1E /* PBXTargetDependency */ = {
			isa = PBXTargetDependency;
			target = 0BD7B91E240FDF7600310F1E /* FireChat */;
			targetProxy = 0BD7B936240FDF7D00310F1E /* PBXContainerItemProxy */;
		};
/* End PBXTargetDependency section */

/* Begin PBXVariantGroup section */
		0BD7B92D240FDF7C00310F1E /* LaunchScreen.storyboard */ = {
			isa = PBXVariantGroup;
			children = (
				0BD7B92E240FDF7C00310F1E /* Base */,
			);
			name = LaunchScreen.storyboard;
			sourceTree = "<group>";
		};
/* End PBXVariantGroup section */

/* Begin XCBuildConfiguration section */
		0BD7B93C240FDF7D00310F1E /* Debug */ = {
			isa = XCBuildConfiguration;
			buildSettings = {
				ALWAYS_SEARCH_USER_PATHS = NO;
				CLANG_ANALYZER_NONNULL = YES;
				CLANG_ANALYZER_NUMBER_OBJECT_CONVERSION = YES_AGGRESSIVE;
				CLANG_CXX_LANGUAGE_STANDARD = "gnu++14";
				CLANG_CXX_LIBRARY = "libc++";
				CLANG_ENABLE_MODULES = YES;
				CLANG_ENABLE_OBJC_ARC = YES;
				CLANG_ENABLE_OBJC_WEAK = YES;
				CLANG_WARN_BLOCK_CAPTURE_AUTORELEASING = YES;
				CLANG_WARN_BOOL_CONVERSION = YES;
				CLANG_WARN_COMMA = YES;
				CLANG_WARN_CONSTANT_CONVERSION = YES;
				CLANG_WARN_DEPRECATED_OBJC_IMPLEMENTATIONS = YES;
				CLANG_WARN_DIRECT_OBJC_ISA_USAGE = YES_ERROR;
				CLANG_WARN_DOCUMENTATION_COMMENTS = YES;
				CLANG_WARN_EMPTY_BODY = YES;
				CLANG_WARN_ENUM_CONVERSION = YES;
				CLANG_WARN_INFINITE_RECURSION = YES;
				CLANG_WARN_INT_CONVERSION = YES;
				CLANG_WARN_NON_LITERAL_NULL_CONVERSION = YES;
				CLANG_WARN_OBJC_IMPLICIT_RETAIN_SELF = YES;
				CLANG_WARN_OBJC_LITERAL_CONVERSION = YES;
				CLANG_WARN_OBJC_ROOT_CLASS = YES_ERROR;
				CLANG_WARN_RANGE_LOOP_ANALYSIS = YES;
				CLANG_WARN_STRICT_PROTOTYPES = YES;
				CLANG_WARN_SUSPICIOUS_MOVE = YES;
				CLANG_WARN_UNGUARDED_AVAILABILITY = YES_AGGRESSIVE;
				CLANG_WARN_UNREACHABLE_CODE = YES;
				CLANG_WARN__DUPLICATE_METHOD_MATCH = YES;
				COPY_PHASE_STRIP = NO;
				DEBUG_INFORMATION_FORMAT = dwarf;
				ENABLE_STRICT_OBJC_MSGSEND = YES;
				ENABLE_TESTABILITY = YES;
				GCC_C_LANGUAGE_STANDARD = gnu11;
				GCC_DYNAMIC_NO_PIC = NO;
				GCC_NO_COMMON_BLOCKS = YES;
				GCC_OPTIMIZATION_LEVEL = 0;
				GCC_PREPROCESSOR_DEFINITIONS = (
					"DEBUG=1",
					"$(inherited)",
				);
				GCC_WARN_64_TO_32_BIT_CONVERSION = YES;
				GCC_WARN_ABOUT_RETURN_TYPE = YES_ERROR;
				GCC_WARN_UNDECLARED_SELECTOR = YES;
				GCC_WARN_UNINITIALIZED_AUTOS = YES_AGGRESSIVE;
				GCC_WARN_UNUSED_FUNCTION = YES;
				GCC_WARN_UNUSED_VARIABLE = YES;
				IPHONEOS_DEPLOYMENT_TARGET = 13.2;
				MTL_ENABLE_DEBUG_INFO = INCLUDE_SOURCE;
				MTL_FAST_MATH = YES;
				ONLY_ACTIVE_ARCH = YES;
				SDKROOT = iphoneos;
				SWIFT_ACTIVE_COMPILATION_CONDITIONS = DEBUG;
				SWIFT_OPTIMIZATION_LEVEL = "-Onone";
			};
			name = Debug;
		};
		0BD7B93D240FDF7D00310F1E /* Release */ = {
			isa = XCBuildConfiguration;
			buildSettings = {
				ALWAYS_SEARCH_USER_PATHS = NO;
				CLANG_ANALYZER_NONNULL = YES;
				CLANG_ANALYZER_NUMBER_OBJECT_CONVERSION = YES_AGGRESSIVE;
				CLANG_CXX_LANGUAGE_STANDARD = "gnu++14";
				CLANG_CXX_LIBRARY = "libc++";
				CLANG_ENABLE_MODULES = YES;
				CLANG_ENABLE_OBJC_ARC = YES;
				CLANG_ENABLE_OBJC_WEAK = YES;
				CLANG_WARN_BLOCK_CAPTURE_AUTORELEASING = YES;
				CLANG_WARN_BOOL_CONVERSION = YES;
				CLANG_WARN_COMMA = YES;
				CLANG_WARN_CONSTANT_CONVERSION = YES;
				CLANG_WARN_DEPRECATED_OBJC_IMPLEMENTATIONS = YES;
				CLANG_WARN_DIRECT_OBJC_ISA_USAGE = YES_ERROR;
				CLANG_WARN_DOCUMENTATION_COMMENTS = YES;
				CLANG_WARN_EMPTY_BODY = YES;
				CLANG_WARN_ENUM_CONVERSION = YES;
				CLANG_WARN_INFINITE_RECURSION = YES;
				CLANG_WARN_INT_CONVERSION = YES;
				CLANG_WARN_NON_LITERAL_NULL_CONVERSION = YES;
				CLANG_WARN_OBJC_IMPLICIT_RETAIN_SELF = YES;
				CLANG_WARN_OBJC_LITERAL_CONVERSION = YES;
				CLANG_WARN_OBJC_ROOT_CLASS = YES_ERROR;
				CLANG_WARN_RANGE_LOOP_ANALYSIS = YES;
				CLANG_WARN_STRICT_PROTOTYPES = YES;
				CLANG_WARN_SUSPICIOUS_MOVE = YES;
				CLANG_WARN_UNGUARDED_AVAILABILITY = YES_AGGRESSIVE;
				CLANG_WARN_UNREACHABLE_CODE = YES;
				CLANG_WARN__DUPLICATE_METHOD_MATCH = YES;
				COPY_PHASE_STRIP = NO;
				DEBUG_INFORMATION_FORMAT = "dwarf-with-dsym";
				ENABLE_NS_ASSERTIONS = NO;
				ENABLE_STRICT_OBJC_MSGSEND = YES;
				GCC_C_LANGUAGE_STANDARD = gnu11;
				GCC_NO_COMMON_BLOCKS = YES;
				GCC_WARN_64_TO_32_BIT_CONVERSION = YES;
				GCC_WARN_ABOUT_RETURN_TYPE = YES_ERROR;
				GCC_WARN_UNDECLARED_SELECTOR = YES;
				GCC_WARN_UNINITIALIZED_AUTOS = YES_AGGRESSIVE;
				GCC_WARN_UNUSED_FUNCTION = YES;
				GCC_WARN_UNUSED_VARIABLE = YES;
				IPHONEOS_DEPLOYMENT_TARGET = 13.2;
				MTL_ENABLE_DEBUG_INFO = NO;
				MTL_FAST_MATH = YES;
				SDKROOT = iphoneos;
				SWIFT_COMPILATION_MODE = wholemodule;
				SWIFT_OPTIMIZATION_LEVEL = "-O";
				VALIDATE_PRODUCT = YES;
			};
			name = Release;
		};
		0BD7B93F240FDF7D00310F1E /* Debug */ = {
			isa = XCBuildConfiguration;
			baseConfigurationReference = 1C5959A6EA222E93FC1D6744 /* Pods-FireChat.debug.xcconfig */;
			buildSettings = {
				ASSETCATALOG_COMPILER_APPICON_NAME = AppIcon;
				CODE_SIGN_ENTITLEMENTS = FireChat/FireChat.entitlements;
				"CODE_SIGN_IDENTITY[sdk=macosx*]" = "Apple Development";
				CODE_SIGN_STYLE = Automatic;
				DERIVE_MACCATALYST_PRODUCT_BUNDLE_IDENTIFIER = YES;
				DEVELOPMENT_TEAM = 9W3WH25P2R;
				INFOPLIST_FILE = FireChat/Resources/Info.plist;
				LD_RUNPATH_SEARCH_PATHS = (
					"$(inherited)",
					"@executable_path/Frameworks",
				);
				PRODUCT_BUNDLE_IDENTIFIER = com.OrbSec.FireChat;
				PRODUCT_NAME = "$(TARGET_NAME)";
				SUPPORTS_MACCATALYST = YES;
				SWIFT_VERSION = 5.0;
				TARGETED_DEVICE_FAMILY = "1,2";
			};
			name = Debug;
		};
		0BD7B940240FDF7D00310F1E /* Release */ = {
			isa = XCBuildConfiguration;
			baseConfigurationReference = BC575BC9273009DBF8ACA8EF /* Pods-FireChat.release.xcconfig */;
			buildSettings = {
				ASSETCATALOG_COMPILER_APPICON_NAME = AppIcon;
				CODE_SIGN_ENTITLEMENTS = FireChat/FireChatRelease.entitlements;
				"CODE_SIGN_IDENTITY[sdk=macosx*]" = "Apple Development";
				CODE_SIGN_STYLE = Automatic;
				DERIVE_MACCATALYST_PRODUCT_BUNDLE_IDENTIFIER = YES;
				DEVELOPMENT_TEAM = 9W3WH25P2R;
				"ENABLE_HARDENED_RUNTIME[sdk=macosx*]" = YES;
				INFOPLIST_FILE = FireChat/Resources/Info.plist;
				LD_RUNPATH_SEARCH_PATHS = (
					"$(inherited)",
					"@executable_path/Frameworks",
				);
				PRODUCT_BUNDLE_IDENTIFIER = com.OrbSec.FireChat;
				PRODUCT_NAME = "$(TARGET_NAME)";
				SUPPORTS_MACCATALYST = YES;
				SWIFT_VERSION = 5.0;
				TARGETED_DEVICE_FAMILY = "1,2";
			};
			name = Release;
		};
		0BD7B942240FDF7D00310F1E /* Debug */ = {
			isa = XCBuildConfiguration;
			baseConfigurationReference = B7599E5659AEACD9773C06D5 /* Pods-FireChatTests.debug.xcconfig */;
			buildSettings = {
				ALWAYS_EMBED_SWIFT_STANDARD_LIBRARIES = YES;
				BUNDLE_LOADER = "$(TEST_HOST)";
				CODE_SIGN_STYLE = Automatic;
				DEVELOPMENT_TEAM = 9W3WH25P2R;
				INFOPLIST_FILE = FireChatTests/Info.plist;
				IPHONEOS_DEPLOYMENT_TARGET = 13.2;
				LD_RUNPATH_SEARCH_PATHS = (
					"$(inherited)",
					"@executable_path/Frameworks",
					"@loader_path/Frameworks",
				);
				PRODUCT_BUNDLE_IDENTIFIER = com.OrbSec.FireChatTests;
				PRODUCT_NAME = "$(TARGET_NAME)";
				SWIFT_VERSION = 5.0;
				TARGETED_DEVICE_FAMILY = "1,2";
				TEST_HOST = "$(BUILT_PRODUCTS_DIR)/FireChat.app/FireChat";
			};
			name = Debug;
		};
		0BD7B943240FDF7D00310F1E /* Release */ = {
			isa = XCBuildConfiguration;
			baseConfigurationReference = D96DAED1EBF1AAC31475827F /* Pods-FireChatTests.release.xcconfig */;
			buildSettings = {
				ALWAYS_EMBED_SWIFT_STANDARD_LIBRARIES = YES;
				BUNDLE_LOADER = "$(TEST_HOST)";
				CODE_SIGN_STYLE = Automatic;
				DEVELOPMENT_TEAM = 9W3WH25P2R;
				INFOPLIST_FILE = FireChatTests/Info.plist;
				IPHONEOS_DEPLOYMENT_TARGET = 13.2;
				LD_RUNPATH_SEARCH_PATHS = (
					"$(inherited)",
					"@executable_path/Frameworks",
					"@loader_path/Frameworks",
				);
				PRODUCT_BUNDLE_IDENTIFIER = com.OrbSec.FireChatTests;
				PRODUCT_NAME = "$(TARGET_NAME)";
				SWIFT_VERSION = 5.0;
				TARGETED_DEVICE_FAMILY = "1,2";
				TEST_HOST = "$(BUILT_PRODUCTS_DIR)/FireChat.app/FireChat";
			};
			name = Release;
		};
/* End XCBuildConfiguration section */

/* Begin XCConfigurationList section */
		0BD7B91A240FDF7600310F1E /* Build configuration list for PBXProject "FireChat" */ = {
			isa = XCConfigurationList;
			buildConfigurations = (
				0BD7B93C240FDF7D00310F1E /* Debug */,
				0BD7B93D240FDF7D00310F1E /* Release */,
			);
			defaultConfigurationIsVisible = 0;
			defaultConfigurationName = Release;
		};
		0BD7B93E240FDF7D00310F1E /* Build configuration list for PBXNativeTarget "FireChat" */ = {
			isa = XCConfigurationList;
			buildConfigurations = (
				0BD7B93F240FDF7D00310F1E /* Debug */,
				0BD7B940240FDF7D00310F1E /* Release */,
			);
			defaultConfigurationIsVisible = 0;
			defaultConfigurationName = Release;
		};
		0BD7B941240FDF7D00310F1E /* Build configuration list for PBXNativeTarget "FireChatTests" */ = {
			isa = XCConfigurationList;
			buildConfigurations = (
				0BD7B942240FDF7D00310F1E /* Debug */,
				0BD7B943240FDF7D00310F1E /* Release */,
			);
			defaultConfigurationIsVisible = 0;
			defaultConfigurationName = Release;
		};
/* End XCConfigurationList section */

/* Begin XCRemoteSwiftPackageReference section */
		0B4516CC2454A61700D9106E /* XCRemoteSwiftPackageReference "RemoteNotifications-Configurator" */ = {
			isa = XCRemoteSwiftPackageReference;
			repositoryURL = "https://github.com/PetreVane/RemoteNotifications-Configurator.git";
			requirement = {
				kind = upToNextMajorVersion;
				minimumVersion = 1.0.0;
			};
		};
		0B66C8592435DF5200C04B58 /* XCRemoteSwiftPackageReference "DeviceTypes" */ = {
			isa = XCRemoteSwiftPackageReference;
			repositoryURL = "https://github.com/PetreVane/DeviceTypes.git";
			requirement = {
				kind = upToNextMajorVersion;
				minimumVersion = 1.0.0;
			};
		};
/* End XCRemoteSwiftPackageReference section */

/* Begin XCSwiftPackageProductDependency section */
		0B4516CD2454A61700D9106E /* RemoteNotificationsConfigurator */ = {
			isa = XCSwiftPackageProductDependency;
			package = 0B4516CC2454A61700D9106E /* XCRemoteSwiftPackageReference "RemoteNotifications-Configurator" */;
			productName = RemoteNotificationsConfigurator;
		};
		0B66C85A2435DF5200C04B58 /* DeviceTypes */ = {
			isa = XCSwiftPackageProductDependency;
			package = 0B66C8592435DF5200C04B58 /* XCRemoteSwiftPackageReference "DeviceTypes" */;
			productName = DeviceTypes;
		};
/* End XCSwiftPackageProductDependency section */
	};
	rootObject = 0BD7B917240FDF7600310F1E /* Project object */;
}
