// !$*UTF8*$!
{
	archiveVersion = 1;
	classes = {
	};
	objectVersion = 50;
	objects = {

/* Begin PBXBuildFile section */
		0B08D1B4241007D300E35794 /* Coordinator.swift in Sources */ = {isa = PBXBuildFile; fileRef = 0B08D1B3241007D300E35794 /* Coordinator.swift */; };
		0B08D1B6241007FC00E35794 /* Router.swift in Sources */ = {isa = PBXBuildFile; fileRef = 0B08D1B5241007FC00E35794 /* Router.swift */; };
		0B08D1B824101CDB00E35794 /* NavigationRouter.swift in Sources */ = {isa = PBXBuildFile; fileRef = 0B08D1B724101CDB00E35794 /* NavigationRouter.swift */; };
		0B08D1BB241029AA00E35794 /* FireButton.swift in Sources */ = {isa = PBXBuildFile; fileRef = 0B08D1BA241029AA00E35794 /* FireButton.swift */; };
		0B90D0162410F5B600BF997F /* UIView+Ext.swift in Sources */ = {isa = PBXBuildFile; fileRef = 0B90D0152410F5B600BF997F /* UIView+Ext.swift */; };
		0B90D0192411050400BF997F /* FireTextField.swift in Sources */ = {isa = PBXBuildFile; fileRef = 0B90D0182411050400BF997F /* FireTextField.swift */; };
		0B90D01F241179C800BF997F /* SceneDelegateRouter.swift in Sources */ = {isa = PBXBuildFile; fileRef = 0B90D01E241179C800BF997F /* SceneDelegateRouter.swift */; };
		0BB13F362417B43F00B445A9 /* Presentable.swift in Sources */ = {isa = PBXBuildFile; fileRef = 0BB13F352417B43F00B445A9 /* Presentable.swift */; };
		0BD7B923240FDF7600310F1E /* AppDelegate.swift in Sources */ = {isa = PBXBuildFile; fileRef = 0BD7B922240FDF7600310F1E /* AppDelegate.swift */; };
		0BD7B925240FDF7600310F1E /* SceneDelegate.swift in Sources */ = {isa = PBXBuildFile; fileRef = 0BD7B924240FDF7600310F1E /* SceneDelegate.swift */; };
		0BD7B927240FDF7600310F1E /* ChannelVC.swift in Sources */ = {isa = PBXBuildFile; fileRef = 0BD7B926240FDF7600310F1E /* ChannelVC.swift */; };
		0BD7B92C240FDF7C00310F1E /* Assets.xcassets in Resources */ = {isa = PBXBuildFile; fileRef = 0BD7B92B240FDF7C00310F1E /* Assets.xcassets */; };
		0BD7B92F240FDF7C00310F1E /* LaunchScreen.storyboard in Resources */ = {isa = PBXBuildFile; fileRef = 0BD7B92D240FDF7C00310F1E /* LaunchScreen.storyboard */; };
		0BD7B93A240FDF7D00310F1E /* FireChatTests.swift in Sources */ = {isa = PBXBuildFile; fileRef = 0BD7B939240FDF7D00310F1E /* FireChatTests.swift */; };
		0BD7B94E240FE4C500310F1E /* TabBar.swift in Sources */ = {isa = PBXBuildFile; fileRef = 0BD7B94D240FE4C500310F1E /* TabBar.swift */; };
		0BD7B954240FF64B00310F1E /* ChatVC.swift in Sources */ = {isa = PBXBuildFile; fileRef = 0BD7B953240FF64B00310F1E /* ChatVC.swift */; };
		0BD7B956240FF66700310F1E /* ProfileViewController.swift in Sources */ = {isa = PBXBuildFile; fileRef = 0BD7B955240FF66700310F1E /* ProfileViewController.swift */; };
		0BD7B959240FF69500310F1E /* LoginVC.swift in Sources */ = {isa = PBXBuildFile; fileRef = 0BD7B958240FF69400310F1E /* LoginVC.swift */; };
		0BD7B95B240FF6CE00310F1E /* SignUpVC.swift in Sources */ = {isa = PBXBuildFile; fileRef = 0BD7B95A240FF6CE00310F1E /* SignUpVC.swift */; };
		0BD7B95D240FF79200310F1E /* WelcomeVC.swift in Sources */ = {isa = PBXBuildFile; fileRef = 0BD7B95C240FF79200310F1E /* WelcomeVC.swift */; };
		0BD7B95F240FF7B300310F1E /* PasswordResetVC.swift in Sources */ = {isa = PBXBuildFile; fileRef = 0BD7B95E240FF7B300310F1E /* PasswordResetVC.swift */; };
		0BD7B968240FFF3900310F1E /* MainAppCoordinator.swift in Sources */ = {isa = PBXBuildFile; fileRef = 0BD7B967240FFF3900310F1E /* MainAppCoordinator.swift */; };
		0BD7B96A240FFF5000310F1E /* AuthenticationCoordinator.swift in Sources */ = {isa = PBXBuildFile; fileRef = 0BD7B969240FFF5000310F1E /* AuthenticationCoordinator.swift */; };
		0BD7B96E2410000200310F1E /* FireLabel.swift in Sources */ = {isa = PBXBuildFile; fileRef = 0BD7B96D2410000200310F1E /* FireLabel.swift */; };
		0BD93C6824179CF20007F8D0 /* ApplicationCoordinator.swift in Sources */ = {isa = PBXBuildFile; fileRef = 0BD93C6724179CF20007F8D0 /* ApplicationCoordinator.swift */; };
/* End PBXBuildFile section */

/* Begin PBXContainerItemProxy section */
		0BD7B936240FDF7D00310F1E /* PBXContainerItemProxy */ = {
			isa = PBXContainerItemProxy;
			containerPortal = 0BD7B917240FDF7600310F1E /* Project object */;
			proxyType = 1;
			remoteGlobalIDString = 0BD7B91E240FDF7600310F1E;
			remoteInfo = FireChat;
		};
/* End PBXContainerItemProxy section */

/* Begin PBXFileReference section */
		0B08D1B3241007D300E35794 /* Coordinator.swift */ = {isa = PBXFileReference; lastKnownFileType = sourcecode.swift; path = Coordinator.swift; sourceTree = "<group>"; };
		0B08D1B5241007FC00E35794 /* Router.swift */ = {isa = PBXFileReference; lastKnownFileType = sourcecode.swift; path = Router.swift; sourceTree = "<group>"; };
		0B08D1B724101CDB00E35794 /* NavigationRouter.swift */ = {isa = PBXFileReference; lastKnownFileType = sourcecode.swift; path = NavigationRouter.swift; sourceTree = "<group>"; };
		0B08D1BA241029AA00E35794 /* FireButton.swift */ = {isa = PBXFileReference; lastKnownFileType = sourcecode.swift; path = FireButton.swift; sourceTree = "<group>"; };
		0B90D0152410F5B600BF997F /* UIView+Ext.swift */ = {isa = PBXFileReference; lastKnownFileType = sourcecode.swift; path = "UIView+Ext.swift"; sourceTree = "<group>"; };
		0B90D0182411050400BF997F /* FireTextField.swift */ = {isa = PBXFileReference; lastKnownFileType = sourcecode.swift; path = FireTextField.swift; sourceTree = "<group>"; };
		0B90D01E241179C800BF997F /* SceneDelegateRouter.swift */ = {isa = PBXFileReference; lastKnownFileType = sourcecode.swift; path = SceneDelegateRouter.swift; sourceTree = "<group>"; };
		0BB13F352417B43F00B445A9 /* Presentable.swift */ = {isa = PBXFileReference; lastKnownFileType = sourcecode.swift; path = Presentable.swift; sourceTree = "<group>"; };
		0BD7B91F240FDF7600310F1E /* FireChat.app */ = {isa = PBXFileReference; explicitFileType = wrapper.application; includeInIndex = 0; path = FireChat.app; sourceTree = BUILT_PRODUCTS_DIR; };
		0BD7B922240FDF7600310F1E /* AppDelegate.swift */ = {isa = PBXFileReference; lastKnownFileType = sourcecode.swift; path = AppDelegate.swift; sourceTree = "<group>"; };
		0BD7B924240FDF7600310F1E /* SceneDelegate.swift */ = {isa = PBXFileReference; lastKnownFileType = sourcecode.swift; path = SceneDelegate.swift; sourceTree = "<group>"; };
		0BD7B926240FDF7600310F1E /* ChannelVC.swift */ = {isa = PBXFileReference; lastKnownFileType = sourcecode.swift; path = ChannelVC.swift; sourceTree = "<group>"; };
		0BD7B92B240FDF7C00310F1E /* Assets.xcassets */ = {isa = PBXFileReference; lastKnownFileType = folder.assetcatalog; path = Assets.xcassets; sourceTree = "<group>"; };
		0BD7B92E240FDF7C00310F1E /* Base */ = {isa = PBXFileReference; lastKnownFileType = file.storyboard; name = Base; path = Base.lproj/LaunchScreen.storyboard; sourceTree = "<group>"; };
		0BD7B930240FDF7C00310F1E /* Info.plist */ = {isa = PBXFileReference; lastKnownFileType = text.plist.xml; path = Info.plist; sourceTree = "<group>"; };
		0BD7B935240FDF7D00310F1E /* FireChatTests.xctest */ = {isa = PBXFileReference; explicitFileType = wrapper.cfbundle; includeInIndex = 0; path = FireChatTests.xctest; sourceTree = BUILT_PRODUCTS_DIR; };
		0BD7B939240FDF7D00310F1E /* FireChatTests.swift */ = {isa = PBXFileReference; lastKnownFileType = sourcecode.swift; path = FireChatTests.swift; sourceTree = "<group>"; };
		0BD7B93B240FDF7D00310F1E /* Info.plist */ = {isa = PBXFileReference; lastKnownFileType = text.plist.xml; path = Info.plist; sourceTree = "<group>"; };
		0BD7B944240FDFA700310F1E /* FireChat.entitlements */ = {isa = PBXFileReference; lastKnownFileType = text.plist.entitlements; path = FireChat.entitlements; sourceTree = "<group>"; };
		0BD7B94D240FE4C500310F1E /* TabBar.swift */ = {isa = PBXFileReference; lastKnownFileType = sourcecode.swift; path = TabBar.swift; sourceTree = "<group>"; };
		0BD7B953240FF64B00310F1E /* ChatVC.swift */ = {isa = PBXFileReference; lastKnownFileType = sourcecode.swift; path = ChatVC.swift; sourceTree = "<group>"; };
		0BD7B955240FF66700310F1E /* ProfileViewController.swift */ = {isa = PBXFileReference; lastKnownFileType = sourcecode.swift; path = ProfileViewController.swift; sourceTree = "<group>"; };
		0BD7B958240FF69400310F1E /* LoginVC.swift */ = {isa = PBXFileReference; lastKnownFileType = sourcecode.swift; path = LoginVC.swift; sourceTree = "<group>"; };
		0BD7B95A240FF6CE00310F1E /* SignUpVC.swift */ = {isa = PBXFileReference; lastKnownFileType = sourcecode.swift; path = SignUpVC.swift; sourceTree = "<group>"; };
		0BD7B95C240FF79200310F1E /* WelcomeVC.swift */ = {isa = PBXFileReference; lastKnownFileType = sourcecode.swift; path = WelcomeVC.swift; sourceTree = "<group>"; };
		0BD7B95E240FF7B300310F1E /* PasswordResetVC.swift */ = {isa = PBXFileReference; lastKnownFileType = sourcecode.swift; path = PasswordResetVC.swift; sourceTree = "<group>"; };
		0BD7B967240FFF3900310F1E /* MainAppCoordinator.swift */ = {isa = PBXFileReference; lastKnownFileType = sourcecode.swift; path = MainAppCoordinator.swift; sourceTree = "<group>"; };
		0BD7B969240FFF5000310F1E /* AuthenticationCoordinator.swift */ = {isa = PBXFileReference; lastKnownFileType = sourcecode.swift; path = AuthenticationCoordinator.swift; sourceTree = "<group>"; };
		0BD7B96D2410000200310F1E /* FireLabel.swift */ = {isa = PBXFileReference; lastKnownFileType = sourcecode.swift; path = FireLabel.swift; sourceTree = "<group>"; };
		0BD93C6724179CF20007F8D0 /* ApplicationCoordinator.swift */ = {isa = PBXFileReference; lastKnownFileType = sourcecode.swift; path = ApplicationCoordinator.swift; sourceTree = "<group>"; };
/* End PBXFileReference section */

/* Begin PBXFrameworksBuildPhase section */
		0BD7B91C240FDF7600310F1E /* Frameworks */ = {
			isa = PBXFrameworksBuildPhase;
			buildActionMask = 2147483647;
			files = (
			);
			runOnlyForDeploymentPostprocessing = 0;
		};
		0BD7B932240FDF7D00310F1E /* Frameworks */ = {
			isa = PBXFrameworksBuildPhase;
			buildActionMask = 2147483647;
			files = (
			);
			runOnlyForDeploymentPostprocessing = 0;
		};
/* End PBXFrameworksBuildPhase section */

/* Begin PBXGroup section */
		0B08D1B92410292F00E35794 /* Buttons */ = {
			isa = PBXGroup;
			children = (
				0B08D1BA241029AA00E35794 /* FireButton.swift */,
			);
			path = Buttons;
			sourceTree = "<group>";
		};
		0B90D0142410F59400BF997F /* Extensions */ = {
			isa = PBXGroup;
			children = (
				0B90D0152410F5B600BF997F /* UIView+Ext.swift */,
			);
			path = Extensions;
			sourceTree = "<group>";
		};
		0B90D017241104E000BF997F /* TextField */ = {
			isa = PBXGroup;
			children = (
				0B90D0182411050400BF997F /* FireTextField.swift */,
			);
			path = TextField;
			sourceTree = "<group>";
		};
		0BD7B916240FDF7600310F1E = {
			isa = PBXGroup;
			children = (
				0BD7B921240FDF7600310F1E /* FireChat */,
				0BD7B938240FDF7D00310F1E /* FireChatTests */,
				0BD7B920240FDF7600310F1E /* Products */,
			);
			sourceTree = "<group>";
		};
		0BD7B920240FDF7600310F1E /* Products */ = {
			isa = PBXGroup;
			children = (
				0BD7B91F240FDF7600310F1E /* FireChat.app */,
				0BD7B935240FDF7D00310F1E /* FireChatTests.xctest */,
			);
			name = Products;
			sourceTree = "<group>";
		};
		0BD7B921240FDF7600310F1E /* FireChat */ = {
			isa = PBXGroup;
			children = (
				0BD7B945240FE00E00310F1E /* AppDelegate */,
				0BD7B964240FF86A00310F1E /* Models */,
				0BD7B962240FF83000310F1E /* Scenes */,
				0BD7B966240FF8F600310F1E /* Protocols */,
				0BD7B963240FF85900310F1E /* ConcreteCoordinators */,
				0BD7B965240FF8A600310F1E /* ConcreteRouters */,
				0BD7B96B240FFF8900310F1E /* CustomViews */,
				0B90D0142410F59400BF997F /* Extensions */,
				0BD7B949240FE12700310F1E /* Resources */,
				0BD7B94A240FE18B00310F1E /* LaunchScreen */,
			);
			path = FireChat;
			sourceTree = "<group>";
		};
		0BD7B938240FDF7D00310F1E /* FireChatTests */ = {
			isa = PBXGroup;
			children = (
				0BD7B939240FDF7D00310F1E /* FireChatTests.swift */,
				0BD7B93B240FDF7D00310F1E /* Info.plist */,
			);
			path = FireChatTests;
			sourceTree = "<group>";
		};
		0BD7B945240FE00E00310F1E /* AppDelegate */ = {
			isa = PBXGroup;
			children = (
				0BD7B944240FDFA700310F1E /* FireChat.entitlements */,
				0BD7B922240FDF7600310F1E /* AppDelegate.swift */,
				0BD7B924240FDF7600310F1E /* SceneDelegate.swift */,
				0B90D01E241179C800BF997F /* SceneDelegateRouter.swift */,
			);
			name = AppDelegate;
			sourceTree = "<group>";
		};
		0BD7B949240FE12700310F1E /* Resources */ = {
			isa = PBXGroup;
			children = (
				0BD7B930240FDF7C00310F1E /* Info.plist */,
				0BD7B92B240FDF7C00310F1E /* Assets.xcassets */,
			);
			path = Resources;
			sourceTree = "<group>";
		};
		0BD7B94A240FE18B00310F1E /* LaunchScreen */ = {
			isa = PBXGroup;
			children = (
				0BD7B92D240FDF7C00310F1E /* LaunchScreen.storyboard */,
			);
			name = LaunchScreen;
			sourceTree = "<group>";
		};
		0BD7B960240FF7C300310F1E /* Authentication */ = {
			isa = PBXGroup;
			children = (
				0BD7B95C240FF79200310F1E /* WelcomeVC.swift */,
				0BD7B958240FF69400310F1E /* LoginVC.swift */,
				0BD7B95A240FF6CE00310F1E /* SignUpVC.swift */,
				0BD7B95E240FF7B300310F1E /* PasswordResetVC.swift */,
			);
			path = Authentication;
			sourceTree = "<group>";
		};
		0BD7B961240FF7EF00310F1E /* Main */ = {
			isa = PBXGroup;
			children = (
				0BD7B926240FDF7600310F1E /* ChannelVC.swift */,
				0BD7B953240FF64B00310F1E /* ChatVC.swift */,
				0BD7B955240FF66700310F1E /* ProfileViewController.swift */,
			);
			path = Main;
			sourceTree = "<group>";
		};
		0BD7B962240FF83000310F1E /* Scenes */ = {
			isa = PBXGroup;
			children = (
				0BD7B94D240FE4C500310F1E /* TabBar.swift */,
				0BD7B961240FF7EF00310F1E /* Main */,
				0BD7B960240FF7C300310F1E /* Authentication */,
			);
			path = Scenes;
			sourceTree = "<group>";
		};
		0BD7B963240FF85900310F1E /* ConcreteCoordinators */ = {
			isa = PBXGroup;
			children = (
				0BD93C6724179CF20007F8D0 /* ApplicationCoordinator.swift */,
				0BD7B969240FFF5000310F1E /* AuthenticationCoordinator.swift */,
				0BD7B967240FFF3900310F1E /* MainAppCoordinator.swift */,
			);
			path = ConcreteCoordinators;
			sourceTree = "<group>";
		};
		0BD7B964240FF86A00310F1E /* Models */ = {
			isa = PBXGroup;
			children = (
			);
			path = Models;
			sourceTree = "<group>";
		};
		0BD7B965240FF8A600310F1E /* ConcreteRouters */ = {
			isa = PBXGroup;
			children = (
				0B08D1B724101CDB00E35794 /* NavigationRouter.swift */,
			);
			path = ConcreteRouters;
			sourceTree = "<group>";
		};
		0BD7B966240FF8F600310F1E /* Protocols */ = {
			isa = PBXGroup;
			children = (
				0B08D1B3241007D300E35794 /* Coordinator.swift */,
				0B08D1B5241007FC00E35794 /* Router.swift */,
				0BB13F352417B43F00B445A9 /* Presentable.swift */,
			);
			path = Protocols;
			sourceTree = "<group>";
		};
		0BD7B96B240FFF8900310F1E /* CustomViews */ = {
			isa = PBXGroup;
			children = (
				0B90D017241104E000BF997F /* TextField */,
				0B08D1B92410292F00E35794 /* Buttons */,
				0BD7B96C240FFFCB00310F1E /* Labels */,
			);
			path = CustomViews;
			sourceTree = "<group>";
		};
		0BD7B96C240FFFCB00310F1E /* Labels */ = {
			isa = PBXGroup;
			children = (
				0BD7B96D2410000200310F1E /* FireLabel.swift */,
			);
			path = Labels;
			sourceTree = "<group>";
		};
/* End PBXGroup section */

/* Begin PBXNativeTarget section */
		0BD7B91E240FDF7600310F1E /* FireChat */ = {
			isa = PBXNativeTarget;
			buildConfigurationList = 0BD7B93E240FDF7D00310F1E /* Build configuration list for PBXNativeTarget "FireChat" */;
			buildPhases = (
				0BD7B91B240FDF7600310F1E /* Sources */,
				0BD7B91C240FDF7600310F1E /* Frameworks */,
				0BD7B91D240FDF7600310F1E /* Resources */,
			);
			buildRules = (
			);
			dependencies = (
			);
			name = FireChat;
			productName = FireChat;
			productReference = 0BD7B91F240FDF7600310F1E /* FireChat.app */;
			productType = "com.apple.product-type.application";
		};
		0BD7B934240FDF7D00310F1E /* FireChatTests */ = {
			isa = PBXNativeTarget;
			buildConfigurationList = 0BD7B941240FDF7D00310F1E /* Build configuration list for PBXNativeTarget "FireChatTests" */;
			buildPhases = (
				0BD7B931240FDF7D00310F1E /* Sources */,
				0BD7B932240FDF7D00310F1E /* Frameworks */,
				0BD7B933240FDF7D00310F1E /* Resources */,
			);
			buildRules = (
			);
			dependencies = (
				0BD7B937240FDF7D00310F1E /* PBXTargetDependency */,
			);
			name = FireChatTests;
			productName = FireChatTests;
			productReference = 0BD7B935240FDF7D00310F1E /* FireChatTests.xctest */;
			productType = "com.apple.product-type.bundle.unit-test";
		};
/* End PBXNativeTarget section */

/* Begin PBXProject section */
		0BD7B917240FDF7600310F1E /* Project object */ = {
			isa = PBXProject;
			attributes = {
				LastSwiftUpdateCheck = 1130;
				LastUpgradeCheck = 1130;
				ORGANIZATIONNAME = "Petre Vane";
				TargetAttributes = {
					0BD7B91E240FDF7600310F1E = {
						CreatedOnToolsVersion = 11.3.1;
					};
					0BD7B934240FDF7D00310F1E = {
						CreatedOnToolsVersion = 11.3.1;
						TestTargetID = 0BD7B91E240FDF7600310F1E;
					};
				};
			};
			buildConfigurationList = 0BD7B91A240FDF7600310F1E /* Build configuration list for PBXProject "FireChat" */;
			compatibilityVersion = "Xcode 9.3";
			developmentRegion = en;
			hasScannedForEncodings = 0;
			knownRegions = (
				en,
				Base,
			);
			mainGroup = 0BD7B916240FDF7600310F1E;
			productRefGroup = 0BD7B920240FDF7600310F1E /* Products */;
			projectDirPath = "";
			projectRoot = "";
			targets = (
				0BD7B91E240FDF7600310F1E /* FireChat */,
				0BD7B934240FDF7D00310F1E /* FireChatTests */,
			);
		};
/* End PBXProject section */

/* Begin PBXResourcesBuildPhase section */
		0BD7B91D240FDF7600310F1E /* Resources */ = {
			isa = PBXResourcesBuildPhase;
			buildActionMask = 2147483647;
			files = (
				0BD7B92F240FDF7C00310F1E /* LaunchScreen.storyboard in Resources */,
				0BD7B92C240FDF7C00310F1E /* Assets.xcassets in Resources */,
			);
			runOnlyForDeploymentPostprocessing = 0;
		};
		0BD7B933240FDF7D00310F1E /* Resources */ = {
			isa = PBXResourcesBuildPhase;
			buildActionMask = 2147483647;
			files = (
			);
			runOnlyForDeploymentPostprocessing = 0;
		};
/* End PBXResourcesBuildPhase section */

/* Begin PBXSourcesBuildPhase section */
		0BD7B91B240FDF7600310F1E /* Sources */ = {
			isa = PBXSourcesBuildPhase;
			buildActionMask = 2147483647;
			files = (
				0BD7B956240FF66700310F1E /* ProfileViewController.swift in Sources */,
				0B08D1B824101CDB00E35794 /* NavigationRouter.swift in Sources */,
				0BD7B95D240FF79200310F1E /* WelcomeVC.swift in Sources */,
				0B08D1BB241029AA00E35794 /* FireButton.swift in Sources */,
				0BD93C6824179CF20007F8D0 /* ApplicationCoordinator.swift in Sources */,
				0B08D1B4241007D300E35794 /* Coordinator.swift in Sources */,
				0BD7B95B240FF6CE00310F1E /* SignUpVC.swift in Sources */,
				0B90D0162410F5B600BF997F /* UIView+Ext.swift in Sources */,
				0BD7B954240FF64B00310F1E /* ChatVC.swift in Sources */,
				0BB13F362417B43F00B445A9 /* Presentable.swift in Sources */,
				0BD7B959240FF69500310F1E /* LoginVC.swift in Sources */,
				0B90D0192411050400BF997F /* FireTextField.swift in Sources */,
				0BD7B927240FDF7600310F1E /* ChannelVC.swift in Sources */,
				0BD7B95F240FF7B300310F1E /* PasswordResetVC.swift in Sources */,
				0B08D1B6241007FC00E35794 /* Router.swift in Sources */,
				0BD7B96A240FFF5000310F1E /* AuthenticationCoordinator.swift in Sources */,
				0BD7B923240FDF7600310F1E /* AppDelegate.swift in Sources */,
				0B90D01F241179C800BF997F /* SceneDelegateRouter.swift in Sources */,
				0BD7B968240FFF3900310F1E /* MainAppCoordinator.swift in Sources */,
				0BD7B925240FDF7600310F1E /* SceneDelegate.swift in Sources */,
				0BD7B96E2410000200310F1E /* FireLabel.swift in Sources */,
				0BD7B94E240FE4C500310F1E /* TabBar.swift in Sources */,
			);
			runOnlyForDeploymentPostprocessing = 0;
		};
		0BD7B931240FDF7D00310F1E /* Sources */ = {
			isa = PBXSourcesBuildPhase;
			buildActionMask = 2147483647;
			files = (
				0BD7B93A240FDF7D00310F1E /* FireChatTests.swift in Sources */,
			);
			runOnlyForDeploymentPostprocessing = 0;
		};
/* End PBXSourcesBuildPhase section */

/* Begin PBXTargetDependency section */
		0BD7B937240FDF7D00310F1E /* PBXTargetDependency */ = {
			isa = PBXTargetDependency;
			target = 0BD7B91E240FDF7600310F1E /* FireChat */;
			targetProxy = 0BD7B936240FDF7D00310F1E /* PBXContainerItemProxy */;
		};
/* End PBXTargetDependency section */

/* Begin PBXVariantGroup section */
		0BD7B92D240FDF7C00310F1E /* LaunchScreen.storyboard */ = {
			isa = PBXVariantGroup;
			children = (
				0BD7B92E240FDF7C00310F1E /* Base */,
			);
			name = LaunchScreen.storyboard;
			sourceTree = "<group>";
		};
/* End PBXVariantGroup section */

/* Begin XCBuildConfiguration section */
		0BD7B93C240FDF7D00310F1E /* Debug */ = {
			isa = XCBuildConfiguration;
			buildSettings = {
				ALWAYS_SEARCH_USER_PATHS = NO;
				CLANG_ANALYZER_NONNULL = YES;
				CLANG_ANALYZER_NUMBER_OBJECT_CONVERSION = YES_AGGRESSIVE;
				CLANG_CXX_LANGUAGE_STANDARD = "gnu++14";
				CLANG_CXX_LIBRARY = "libc++";
				CLANG_ENABLE_MODULES = YES;
				CLANG_ENABLE_OBJC_ARC = YES;
				CLANG_ENABLE_OBJC_WEAK = YES;
				CLANG_WARN_BLOCK_CAPTURE_AUTORELEASING = YES;
				CLANG_WARN_BOOL_CONVERSION = YES;
				CLANG_WARN_COMMA = YES;
				CLANG_WARN_CONSTANT_CONVERSION = YES;
				CLANG_WARN_DEPRECATED_OBJC_IMPLEMENTATIONS = YES;
				CLANG_WARN_DIRECT_OBJC_ISA_USAGE = YES_ERROR;
				CLANG_WARN_DOCUMENTATION_COMMENTS = YES;
				CLANG_WARN_EMPTY_BODY = YES;
				CLANG_WARN_ENUM_CONVERSION = YES;
				CLANG_WARN_INFINITE_RECURSION = YES;
				CLANG_WARN_INT_CONVERSION = YES;
				CLANG_WARN_NON_LITERAL_NULL_CONVERSION = YES;
				CLANG_WARN_OBJC_IMPLICIT_RETAIN_SELF = YES;
				CLANG_WARN_OBJC_LITERAL_CONVERSION = YES;
				CLANG_WARN_OBJC_ROOT_CLASS = YES_ERROR;
				CLANG_WARN_RANGE_LOOP_ANALYSIS = YES;
				CLANG_WARN_STRICT_PROTOTYPES = YES;
				CLANG_WARN_SUSPICIOUS_MOVE = YES;
				CLANG_WARN_UNGUARDED_AVAILABILITY = YES_AGGRESSIVE;
				CLANG_WARN_UNREACHABLE_CODE = YES;
				CLANG_WARN__DUPLICATE_METHOD_MATCH = YES;
				COPY_PHASE_STRIP = NO;
				DEBUG_INFORMATION_FORMAT = dwarf;
				ENABLE_STRICT_OBJC_MSGSEND = YES;
				ENABLE_TESTABILITY = YES;
				GCC_C_LANGUAGE_STANDARD = gnu11;
				GCC_DYNAMIC_NO_PIC = NO;
				GCC_NO_COMMON_BLOCKS = YES;
				GCC_OPTIMIZATION_LEVEL = 0;
				GCC_PREPROCESSOR_DEFINITIONS = (
					"DEBUG=1",
					"$(inherited)",
				);
				GCC_WARN_64_TO_32_BIT_CONVERSION = YES;
				GCC_WARN_ABOUT_RETURN_TYPE = YES_ERROR;
				GCC_WARN_UNDECLARED_SELECTOR = YES;
				GCC_WARN_UNINITIALIZED_AUTOS = YES_AGGRESSIVE;
				GCC_WARN_UNUSED_FUNCTION = YES;
				GCC_WARN_UNUSED_VARIABLE = YES;
				IPHONEOS_DEPLOYMENT_TARGET = 13.2;
				MTL_ENABLE_DEBUG_INFO = INCLUDE_SOURCE;
				MTL_FAST_MATH = YES;
				ONLY_ACTIVE_ARCH = YES;
				SDKROOT = iphoneos;
				SWIFT_ACTIVE_COMPILATION_CONDITIONS = DEBUG;
				SWIFT_OPTIMIZATION_LEVEL = "-Onone";
			};
			name = Debug;
		};
		0BD7B93D240FDF7D00310F1E /* Release */ = {
			isa = XCBuildConfiguration;
			buildSettings = {
				ALWAYS_SEARCH_USER_PATHS = NO;
				CLANG_ANALYZER_NONNULL = YES;
				CLANG_ANALYZER_NUMBER_OBJECT_CONVERSION = YES_AGGRESSIVE;
				CLANG_CXX_LANGUAGE_STANDARD = "gnu++14";
				CLANG_CXX_LIBRARY = "libc++";
				CLANG_ENABLE_MODULES = YES;
				CLANG_ENABLE_OBJC_ARC = YES;
				CLANG_ENABLE_OBJC_WEAK = YES;
				CLANG_WARN_BLOCK_CAPTURE_AUTORELEASING = YES;
				CLANG_WARN_BOOL_CONVERSION = YES;
				CLANG_WARN_COMMA = YES;
				CLANG_WARN_CONSTANT_CONVERSION = YES;
				CLANG_WARN_DEPRECATED_OBJC_IMPLEMENTATIONS = YES;
				CLANG_WARN_DIRECT_OBJC_ISA_USAGE = YES_ERROR;
				CLANG_WARN_DOCUMENTATION_COMMENTS = YES;
				CLANG_WARN_EMPTY_BODY = YES;
				CLANG_WARN_ENUM_CONVERSION = YES;
				CLANG_WARN_INFINITE_RECURSION = YES;
				CLANG_WARN_INT_CONVERSION = YES;
				CLANG_WARN_NON_LITERAL_NULL_CONVERSION = YES;
				CLANG_WARN_OBJC_IMPLICIT_RETAIN_SELF = YES;
				CLANG_WARN_OBJC_LITERAL_CONVERSION = YES;
				CLANG_WARN_OBJC_ROOT_CLASS = YES_ERROR;
				CLANG_WARN_RANGE_LOOP_ANALYSIS = YES;
				CLANG_WARN_STRICT_PROTOTYPES = YES;
				CLANG_WARN_SUSPICIOUS_MOVE = YES;
				CLANG_WARN_UNGUARDED_AVAILABILITY = YES_AGGRESSIVE;
				CLANG_WARN_UNREACHABLE_CODE = YES;
				CLANG_WARN__DUPLICATE_METHOD_MATCH = YES;
				COPY_PHASE_STRIP = NO;
				DEBUG_INFORMATION_FORMAT = "dwarf-with-dsym";
				ENABLE_NS_ASSERTIONS = NO;
				ENABLE_STRICT_OBJC_MSGSEND = YES;
				GCC_C_LANGUAGE_STANDARD = gnu11;
				GCC_NO_COMMON_BLOCKS = YES;
				GCC_WARN_64_TO_32_BIT_CONVERSION = YES;
				GCC_WARN_ABOUT_RETURN_TYPE = YES_ERROR;
				GCC_WARN_UNDECLARED_SELECTOR = YES;
				GCC_WARN_UNINITIALIZED_AUTOS = YES_AGGRESSIVE;
				GCC_WARN_UNUSED_FUNCTION = YES;
				GCC_WARN_UNUSED_VARIABLE = YES;
				IPHONEOS_DEPLOYMENT_TARGET = 13.2;
				MTL_ENABLE_DEBUG_INFO = NO;
				MTL_FAST_MATH = YES;
				SDKROOT = iphoneos;
				SWIFT_COMPILATION_MODE = wholemodule;
				SWIFT_OPTIMIZATION_LEVEL = "-O";
				VALIDATE_PRODUCT = YES;
			};
			name = Release;
		};
		0BD7B93F240FDF7D00310F1E /* Debug */ = {
			isa = XCBuildConfiguration;
			buildSettings = {
				ASSETCATALOG_COMPILER_APPICON_NAME = AppIcon;
				CODE_SIGN_ENTITLEMENTS = FireChat/FireChat.entitlements;
				CODE_SIGN_STYLE = Automatic;
				DERIVE_MACCATALYST_PRODUCT_BUNDLE_IDENTIFIER = YES;
				DEVELOPMENT_TEAM = 9W3WH25P2R;
				INFOPLIST_FILE = FireChat/Resources/Info.plist;
				LD_RUNPATH_SEARCH_PATHS = (
					"$(inherited)",
					"@executable_path/Frameworks",
				);
				PRODUCT_BUNDLE_IDENTIFIER = com.OrbSec.FireChat;
				PRODUCT_NAME = "$(TARGET_NAME)";
				SUPPORTS_MACCATALYST = YES;
				SWIFT_VERSION = 5.0;
				TARGETED_DEVICE_FAMILY = "1,2";
			};
			name = Debug;
		};
		0BD7B940240FDF7D00310F1E /* Release */ = {
			isa = XCBuildConfiguration;
			buildSettings = {
				ASSETCATALOG_COMPILER_APPICON_NAME = AppIcon;
				CODE_SIGN_ENTITLEMENTS = FireChat/FireChat.entitlements;
				CODE_SIGN_STYLE = Automatic;
				DERIVE_MACCATALYST_PRODUCT_BUNDLE_IDENTIFIER = YES;
				DEVELOPMENT_TEAM = 9W3WH25P2R;
				INFOPLIST_FILE = FireChat/Resources/Info.plist;
				LD_RUNPATH_SEARCH_PATHS = (
					"$(inherited)",
					"@executable_path/Frameworks",
				);
				PRODUCT_BUNDLE_IDENTIFIER = com.OrbSec.FireChat;
				PRODUCT_NAME = "$(TARGET_NAME)";
				SUPPORTS_MACCATALYST = YES;
				SWIFT_VERSION = 5.0;
				TARGETED_DEVICE_FAMILY = "1,2";
			};
			name = Release;
		};
		0BD7B942240FDF7D00310F1E /* Debug */ = {
			isa = XCBuildConfiguration;
			buildSettings = {
				ALWAYS_EMBED_SWIFT_STANDARD_LIBRARIES = YES;
				BUNDLE_LOADER = "$(TEST_HOST)";
				CODE_SIGN_STYLE = Automatic;
				DEVELOPMENT_TEAM = 9W3WH25P2R;
				INFOPLIST_FILE = FireChatTests/Info.plist;
				IPHONEOS_DEPLOYMENT_TARGET = 13.2;
				LD_RUNPATH_SEARCH_PATHS = (
					"$(inherited)",
					"@executable_path/Frameworks",
					"@loader_path/Frameworks",
				);
				PRODUCT_BUNDLE_IDENTIFIER = com.OrbSec.FireChatTests;
				PRODUCT_NAME = "$(TARGET_NAME)";
				SWIFT_VERSION = 5.0;
				TARGETED_DEVICE_FAMILY = "1,2";
				TEST_HOST = "$(BUILT_PRODUCTS_DIR)/FireChat.app/FireChat";
			};
			name = Debug;
		};
		0BD7B943240FDF7D00310F1E /* Release */ = {
			isa = XCBuildConfiguration;
			buildSettings = {
				ALWAYS_EMBED_SWIFT_STANDARD_LIBRARIES = YES;
				BUNDLE_LOADER = "$(TEST_HOST)";
				CODE_SIGN_STYLE = Automatic;
				DEVELOPMENT_TEAM = 9W3WH25P2R;
				INFOPLIST_FILE = FireChatTests/Info.plist;
				IPHONEOS_DEPLOYMENT_TARGET = 13.2;
				LD_RUNPATH_SEARCH_PATHS = (
					"$(inherited)",
					"@executable_path/Frameworks",
					"@loader_path/Frameworks",
				);
				PRODUCT_BUNDLE_IDENTIFIER = com.OrbSec.FireChatTests;
				PRODUCT_NAME = "$(TARGET_NAME)";
				SWIFT_VERSION = 5.0;
				TARGETED_DEVICE_FAMILY = "1,2";
				TEST_HOST = "$(BUILT_PRODUCTS_DIR)/FireChat.app/FireChat";
			};
			name = Release;
		};
/* End XCBuildConfiguration section */

/* Begin XCConfigurationList section */
		0BD7B91A240FDF7600310F1E /* Build configuration list for PBXProject "FireChat" */ = {
			isa = XCConfigurationList;
			buildConfigurations = (
				0BD7B93C240FDF7D00310F1E /* Debug */,
				0BD7B93D240FDF7D00310F1E /* Release */,
			);
			defaultConfigurationIsVisible = 0;
			defaultConfigurationName = Release;
		};
		0BD7B93E240FDF7D00310F1E /* Build configuration list for PBXNativeTarget "FireChat" */ = {
			isa = XCConfigurationList;
			buildConfigurations = (
				0BD7B93F240FDF7D00310F1E /* Debug */,
				0BD7B940240FDF7D00310F1E /* Release */,
			);
			defaultConfigurationIsVisible = 0;
			defaultConfigurationName = Release;
		};
		0BD7B941240FDF7D00310F1E /* Build configuration list for PBXNativeTarget "FireChatTests" */ = {
			isa = XCConfigurationList;
			buildConfigurations = (
				0BD7B942240FDF7D00310F1E /* Debug */,
				0BD7B943240FDF7D00310F1E /* Release */,
			);
			defaultConfigurationIsVisible = 0;
			defaultConfigurationName = Release;
		};
/* End XCConfigurationList section */
	};
	rootObject = 0BD7B917240FDF7600310F1E /* Project object */;
}
